// !$*UTF8*$!
{
	archiveVersion = 1;
	classes = {
	};
	objectVersion = 46;
	objects = {

/* Begin PBXBuildFile section */
		0805A67F18921BE6000C32EE /* icon_sitting.png in Resources */ = {isa = PBXBuildFile; fileRef = 0805A67C18921BE6000C32EE /* icon_sitting.png */; };
		0805A68018921BE6000C32EE /* icon_standing.png in Resources */ = {isa = PBXBuildFile; fileRef = 0805A67D18921BE6000C32EE /* icon_standing.png */; };
		080CDB35189F2467002A3D39 /* icon_transitioning.png in Resources */ = {isa = PBXBuildFile; fileRef = 080CDB34189F2467002A3D39 /* icon_transitioning.png */; };
		080CDB37189F24CA002A3D39 /* icon_pausing.png in Resources */ = {isa = PBXBuildFile; fileRef = 080CDB36189F24CA002A3D39 /* icon_pausing.png */; };
		0872E89D1882507F0028586C /* desk_logo_16_1x.png in Resources */ = {isa = PBXBuildFile; fileRef = 0872E8931882507F0028586C /* desk_logo_16_1x.png */; };
		0872E89E1882507F0028586C /* desk_logo_16_2x.png in Resources */ = {isa = PBXBuildFile; fileRef = 0872E8941882507F0028586C /* desk_logo_16_2x.png */; };
		0872E89F1882507F0028586C /* desk_logo_32_1x.png in Resources */ = {isa = PBXBuildFile; fileRef = 0872E8951882507F0028586C /* desk_logo_32_1x.png */; };
		0872E8A01882507F0028586C /* desk_logo_32_2x.png in Resources */ = {isa = PBXBuildFile; fileRef = 0872E8961882507F0028586C /* desk_logo_32_2x.png */; };
		0872E8A11882507F0028586C /* desk_logo_128_1x.png in Resources */ = {isa = PBXBuildFile; fileRef = 0872E8971882507F0028586C /* desk_logo_128_1x.png */; };
		0872E8A21882507F0028586C /* desk_logo_128_2x.png in Resources */ = {isa = PBXBuildFile; fileRef = 0872E8981882507F0028586C /* desk_logo_128_2x.png */; };
		0872E8A31882507F0028586C /* desk_logo_256_1x.png in Resources */ = {isa = PBXBuildFile; fileRef = 0872E8991882507F0028586C /* desk_logo_256_1x.png */; };
		0872E8A41882507F0028586C /* desk_logo_256_2x.png in Resources */ = {isa = PBXBuildFile; fileRef = 0872E89A1882507F0028586C /* desk_logo_256_2x.png */; };
		0872E8A51882507F0028586C /* desk_logo_512_1x.png in Resources */ = {isa = PBXBuildFile; fileRef = 0872E89B1882507F0028586C /* desk_logo_512_1x.png */; };
		0872E8A61882507F0028586C /* desk_logo_512_2x.png in Resources */ = {isa = PBXBuildFile; fileRef = 0872E89C1882507F0028586C /* desk_logo_512_2x.png */; };
		0872E8B1188252470028586C /* desk_logo_sit_16_1x.png in Resources */ = {isa = PBXBuildFile; fileRef = 0872E8A7188252470028586C /* desk_logo_sit_16_1x.png */; };
		0872E8B2188252470028586C /* desk_logo_sit_16_2x.png in Resources */ = {isa = PBXBuildFile; fileRef = 0872E8A8188252470028586C /* desk_logo_sit_16_2x.png */; };
		0872E8B3188252470028586C /* desk_logo_sit_32_1x.png in Resources */ = {isa = PBXBuildFile; fileRef = 0872E8A9188252470028586C /* desk_logo_sit_32_1x.png */; };
		0872E8B4188252470028586C /* desk_logo_sit_32_2x.png in Resources */ = {isa = PBXBuildFile; fileRef = 0872E8AA188252470028586C /* desk_logo_sit_32_2x.png */; };
		0872E8B5188252470028586C /* desk_logo_sit_128_1x.png in Resources */ = {isa = PBXBuildFile; fileRef = 0872E8AB188252470028586C /* desk_logo_sit_128_1x.png */; };
		0872E8B6188252470028586C /* desk_logo_sit_128_2x.png in Resources */ = {isa = PBXBuildFile; fileRef = 0872E8AC188252470028586C /* desk_logo_sit_128_2x.png */; };
		0872E8B7188252470028586C /* desk_logo_sit_256_1x.png in Resources */ = {isa = PBXBuildFile; fileRef = 0872E8AD188252470028586C /* desk_logo_sit_256_1x.png */; };
		0872E8B8188252470028586C /* desk_logo_sit_256_2x.png in Resources */ = {isa = PBXBuildFile; fileRef = 0872E8AE188252470028586C /* desk_logo_sit_256_2x.png */; };
		0872E8B9188252470028586C /* desk_logo_sit_512_1x.png in Resources */ = {isa = PBXBuildFile; fileRef = 0872E8AF188252470028586C /* desk_logo_sit_512_1x.png */; };
		0872E8BA188252470028586C /* desk_logo_sit_512_2x.png in Resources */ = {isa = PBXBuildFile; fileRef = 0872E8B0188252470028586C /* desk_logo_sit_512_2x.png */; };
		27652E6D187548C600BD3DC5 /* SystemSounds.m in Sources */ = {isa = PBXBuildFile; fileRef = 27652E6C187548C600BD3DC5 /* SystemSounds.m */; };
		2774735F1887CBBF00F27C77 /* README.md in Resources */ = {isa = PBXBuildFile; fileRef = 2774735E1887CBBF00F27C77 /* README.md */; };
		27A44DFA1886885C00342C82 /* Sit.m4a in Resources */ = {isa = PBXBuildFile; fileRef = 27A44DF81886885C00342C82 /* Sit.m4a */; };
		27DA93A718CC308000890D8B /* Carbon.framework in Frameworks */ = {isa = PBXBuildFile; fileRef = 27DA93A618CC308000890D8B /* Carbon.framework */; };
		27E76EE11C686FEA0006FD10 /* Localizable.strings in Resources */ = {isa = PBXBuildFile; fileRef = 27E76EE31C686FEA0006FD10 /* Localizable.strings */; };
		27F1D9B9186174B10087FC3A /* Cocoa.framework in Frameworks */ = {isa = PBXBuildFile; fileRef = 27F1D9B8186174B10087FC3A /* Cocoa.framework */; };
		27F1D9C3186174B10087FC3A /* InfoPlist.strings in Resources */ = {isa = PBXBuildFile; fileRef = 27F1D9C1186174B10087FC3A /* InfoPlist.strings */; };
		27F1D9C5186174B10087FC3A /* main.m in Sources */ = {isa = PBXBuildFile; fileRef = 27F1D9C4186174B10087FC3A /* main.m */; };
		27F1D9C9186174B10087FC3A /* Credits.rtf in Resources */ = {isa = PBXBuildFile; fileRef = 27F1D9C7186174B10087FC3A /* Credits.rtf */; };
		27F1D9CC186174B10087FC3A /* SDAAppDelegate.m in Sources */ = {isa = PBXBuildFile; fileRef = 27F1D9CB186174B10087FC3A /* SDAAppDelegate.m */; };
		27F1D9CF186174B10087FC3A /* MainMenu.xib in Resources */ = {isa = PBXBuildFile; fileRef = 27F1D9CD186174B10087FC3A /* MainMenu.xib */; };
		27F1D9D1186174B10087FC3A /* Images.xcassets in Resources */ = {isa = PBXBuildFile; fileRef = 27F1D9D0186174B10087FC3A /* Images.xcassets */; };
		27F1D9D8186174B10087FC3A /* XCTest.framework in Frameworks */ = {isa = PBXBuildFile; fileRef = 27F1D9D7186174B10087FC3A /* XCTest.framework */; };
		27F1D9D9186174B10087FC3A /* Cocoa.framework in Frameworks */ = {isa = PBXBuildFile; fileRef = 27F1D9B8186174B10087FC3A /* Cocoa.framework */; };
		27F1D9E1186174B10087FC3A /* InfoPlist.strings in Resources */ = {isa = PBXBuildFile; fileRef = 27F1D9DF186174B10087FC3A /* InfoPlist.strings */; };
		27F1D9E3186174B10087FC3A /* Standing_Desk_AppTests.m in Sources */ = {isa = PBXBuildFile; fileRef = 27F1D9E2186174B10087FC3A /* Standing_Desk_AppTests.m */; };
		5505441E1892214400261B93 /* Stand.m4a in Resources */ = {isa = PBXBuildFile; fileRef = 27969CFE1887C87900D3D2DF /* Stand.m4a */; };
		5512DEDF18CBCD0D0044BC2E /* SDASettingPreset.m in Sources */ = {isa = PBXBuildFile; fileRef = 5512DEDE18CBCD0D0044BC2E /* SDASettingPreset.m */; };
		5512DEE318CBCEA50044BC2E /* SDAPresetTable.m in Sources */ = {isa = PBXBuildFile; fileRef = 5512DEE218CBCEA50044BC2E /* SDAPresetTable.m */; };
		553F9589186F9FF300BD36BB /* SDAAppController.m in Sources */ = {isa = PBXBuildFile; fileRef = 553F9588186F9FF300BD36BB /* SDAAppController.m */; };
		553F958C186FA0B800BD36BB /* SDAAppSettings.m in Sources */ = {isa = PBXBuildFile; fileRef = 553F958B186FA0B800BD36BB /* SDAAppSettings.m */; };
		553F958F186FA19D00BD36BB /* SDAAlertSetting.m in Sources */ = {isa = PBXBuildFile; fileRef = 553F958E186FA19D00BD36BB /* SDAAlertSetting.m */; };
		553F9591186FD3B700BD36BB /* sda_config.plist in Resources */ = {isa = PBXBuildFile; fileRef = 553F9590186FD3B700BD36BB /* sda_config.plist */; };
		55A149D5187DF18800EFA8A3 /* IOKit.framework in Frameworks */ = {isa = PBXBuildFile; fileRef = 55A149D4187DF18800EFA8A3 /* IOKit.framework */; };
		55A149D8187DF1AC00EFA8A3 /* SDAIdleDetector.m in Sources */ = {isa = PBXBuildFile; fileRef = 55A149D7187DF1AC00EFA8A3 /* SDAIdleDetector.m */; };
		55B5A957187A067500C7CDCD /* SDAAppDelegate+Notifications.m in Sources */ = {isa = PBXBuildFile; fileRef = 55B5A956187A067500C7CDCD /* SDAAppDelegate+Notifications.m */; };
		86F1E8AE278EC95729F1CBE1 /* libPods-Standing Desk App.a in Frameworks */ = {isa = PBXBuildFile; fileRef = 6E8E00190031FE69B622550F /* libPods-Standing Desk App.a */; };
		D8340019236982899873D4CC /* libPods-Standing Desk AppTests.a in Frameworks */ = {isa = PBXBuildFile; fileRef = D49C26FCDEDCE25126298A27 /* libPods-Standing Desk AppTests.a */; };
/* End PBXBuildFile section */

/* Begin PBXContainerItemProxy section */
		27F1D9DA186174B10087FC3A /* PBXContainerItemProxy */ = {
			isa = PBXContainerItemProxy;
			containerPortal = 27F1D9AD186174B10087FC3A /* Project object */;
			proxyType = 1;
			remoteGlobalIDString = 27F1D9B4186174B10087FC3A;
			remoteInfo = "Standing Desk App";
		};
/* End PBXContainerItemProxy section */

/* Begin PBXFileReference section */
		0805A67C18921BE6000C32EE /* icon_sitting.png */ = {isa = PBXFileReference; lastKnownFileType = image.png; path = icon_sitting.png; sourceTree = "<group>"; };
		0805A67D18921BE6000C32EE /* icon_standing.png */ = {isa = PBXFileReference; lastKnownFileType = image.png; path = icon_standing.png; sourceTree = "<group>"; };
		080CDB34189F2467002A3D39 /* icon_transitioning.png */ = {isa = PBXFileReference; lastKnownFileType = image.png; path = icon_transitioning.png; sourceTree = "<group>"; };
		080CDB36189F24CA002A3D39 /* icon_pausing.png */ = {isa = PBXFileReference; lastKnownFileType = image.png; path = icon_pausing.png; sourceTree = "<group>"; };
		0872E8931882507F0028586C /* desk_logo_16_1x.png */ = {isa = PBXFileReference; lastKnownFileType = image.png; path = desk_logo_16_1x.png; sourceTree = "<group>"; };
		0872E8941882507F0028586C /* desk_logo_16_2x.png */ = {isa = PBXFileReference; lastKnownFileType = image.png; path = desk_logo_16_2x.png; sourceTree = "<group>"; };
		0872E8951882507F0028586C /* desk_logo_32_1x.png */ = {isa = PBXFileReference; lastKnownFileType = image.png; path = desk_logo_32_1x.png; sourceTree = "<group>"; };
		0872E8961882507F0028586C /* desk_logo_32_2x.png */ = {isa = PBXFileReference; lastKnownFileType = image.png; path = desk_logo_32_2x.png; sourceTree = "<group>"; };
		0872E8971882507F0028586C /* desk_logo_128_1x.png */ = {isa = PBXFileReference; lastKnownFileType = image.png; path = desk_logo_128_1x.png; sourceTree = "<group>"; };
		0872E8981882507F0028586C /* desk_logo_128_2x.png */ = {isa = PBXFileReference; lastKnownFileType = image.png; path = desk_logo_128_2x.png; sourceTree = "<group>"; };
		0872E8991882507F0028586C /* desk_logo_256_1x.png */ = {isa = PBXFileReference; lastKnownFileType = image.png; path = desk_logo_256_1x.png; sourceTree = "<group>"; };
		0872E89A1882507F0028586C /* desk_logo_256_2x.png */ = {isa = PBXFileReference; lastKnownFileType = image.png; path = desk_logo_256_2x.png; sourceTree = "<group>"; };
		0872E89B1882507F0028586C /* desk_logo_512_1x.png */ = {isa = PBXFileReference; lastKnownFileType = image.png; path = desk_logo_512_1x.png; sourceTree = "<group>"; };
		0872E89C1882507F0028586C /* desk_logo_512_2x.png */ = {isa = PBXFileReference; lastKnownFileType = image.png; path = desk_logo_512_2x.png; sourceTree = "<group>"; };
		0872E8A7188252470028586C /* desk_logo_sit_16_1x.png */ = {isa = PBXFileReference; lastKnownFileType = image.png; path = desk_logo_sit_16_1x.png; sourceTree = "<group>"; };
		0872E8A8188252470028586C /* desk_logo_sit_16_2x.png */ = {isa = PBXFileReference; lastKnownFileType = image.png; path = desk_logo_sit_16_2x.png; sourceTree = "<group>"; };
		0872E8A9188252470028586C /* desk_logo_sit_32_1x.png */ = {isa = PBXFileReference; lastKnownFileType = image.png; path = desk_logo_sit_32_1x.png; sourceTree = "<group>"; };
		0872E8AA188252470028586C /* desk_logo_sit_32_2x.png */ = {isa = PBXFileReference; lastKnownFileType = image.png; path = desk_logo_sit_32_2x.png; sourceTree = "<group>"; };
		0872E8AB188252470028586C /* desk_logo_sit_128_1x.png */ = {isa = PBXFileReference; lastKnownFileType = image.png; path = desk_logo_sit_128_1x.png; sourceTree = "<group>"; };
		0872E8AC188252470028586C /* desk_logo_sit_128_2x.png */ = {isa = PBXFileReference; lastKnownFileType = image.png; path = desk_logo_sit_128_2x.png; sourceTree = "<group>"; };
		0872E8AD188252470028586C /* desk_logo_sit_256_1x.png */ = {isa = PBXFileReference; lastKnownFileType = image.png; path = desk_logo_sit_256_1x.png; sourceTree = "<group>"; };
		0872E8AE188252470028586C /* desk_logo_sit_256_2x.png */ = {isa = PBXFileReference; lastKnownFileType = image.png; path = desk_logo_sit_256_2x.png; sourceTree = "<group>"; };
		0872E8AF188252470028586C /* desk_logo_sit_512_1x.png */ = {isa = PBXFileReference; lastKnownFileType = image.png; path = desk_logo_sit_512_1x.png; sourceTree = "<group>"; };
		0872E8B0188252470028586C /* desk_logo_sit_512_2x.png */ = {isa = PBXFileReference; lastKnownFileType = image.png; path = desk_logo_sit_512_2x.png; sourceTree = "<group>"; };
		27652E6B187548C600BD3DC5 /* SystemSounds.h */ = {isa = PBXFileReference; fileEncoding = 4; lastKnownFileType = sourcecode.c.h; path = SystemSounds.h; sourceTree = "<group>"; };
		27652E6C187548C600BD3DC5 /* SystemSounds.m */ = {isa = PBXFileReference; fileEncoding = 4; lastKnownFileType = sourcecode.c.objc; path = SystemSounds.m; sourceTree = "<group>"; };
		2774735E1887CBBF00F27C77 /* README.md */ = {isa = PBXFileReference; fileEncoding = 4; lastKnownFileType = text; name = README.md; path = ../README.md; sourceTree = "<group>"; };
		27969CFE1887C87900D3D2DF /* Stand.m4a */ = {isa = PBXFileReference; lastKnownFileType = file; path = Stand.m4a; sourceTree = "<group>"; };
		27A44DF81886885C00342C82 /* Sit.m4a */ = {isa = PBXFileReference; lastKnownFileType = file; path = Sit.m4a; sourceTree = "<group>"; };
		27DA93A618CC308000890D8B /* Carbon.framework */ = {isa = PBXFileReference; lastKnownFileType = wrapper.framework; name = Carbon.framework; path = System/Library/Frameworks/Carbon.framework; sourceTree = SDKROOT; };
		27E76ED91C6863FF0006FD10 /* tr */ = {isa = PBXFileReference; lastKnownFileType = text.plist.strings; name = tr; path = tr.lproj/MainMenu.strings; sourceTree = "<group>"; };
		27E76EDA1C6863FF0006FD10 /* tr */ = {isa = PBXFileReference; lastKnownFileType = text.plist.strings; name = tr; path = tr.lproj/InfoPlist.strings; sourceTree = "<group>"; };
		27E76EDB1C6863FF0006FD10 /* tr */ = {isa = PBXFileReference; lastKnownFileType = text.rtf; name = tr; path = tr.lproj/Credits.rtf; sourceTree = "<group>"; };
		27E76EDC1C6863FF0006FD10 /* tr */ = {isa = PBXFileReference; lastKnownFileType = text.plist.strings; name = tr; path = tr.lproj/InfoPlist.strings; sourceTree = "<group>"; };
		27E76EDD1C68640A0006FD10 /* fr */ = {isa = PBXFileReference; lastKnownFileType = text.plist.strings; name = fr; path = fr.lproj/MainMenu.strings; sourceTree = "<group>"; };
		27E76EDE1C68640A0006FD10 /* fr */ = {isa = PBXFileReference; lastKnownFileType = text.plist.strings; name = fr; path = fr.lproj/InfoPlist.strings; sourceTree = "<group>"; };
		27E76EDF1C68640A0006FD10 /* fr */ = {isa = PBXFileReference; lastKnownFileType = text.rtf; name = fr; path = fr.lproj/Credits.rtf; sourceTree = "<group>"; };
		27E76EE01C68640A0006FD10 /* fr */ = {isa = PBXFileReference; lastKnownFileType = text.plist.strings; name = fr; path = fr.lproj/InfoPlist.strings; sourceTree = "<group>"; };
		27E76EE41C6870CC0006FD10 /* en */ = {isa = PBXFileReference; lastKnownFileType = text.plist.strings; name = en; path = en.lproj/Localizable.strings; sourceTree = "<group>"; };
		27E76EE61C6870E20006FD10 /* tr */ = {isa = PBXFileReference; lastKnownFileType = text.plist.strings; name = tr; path = tr.lproj/Localizable.strings; sourceTree = "<group>"; };
		27E76EE71C6870E50006FD10 /* fr */ = {isa = PBXFileReference; lastKnownFileType = text.plist.strings; name = fr; path = fr.lproj/Localizable.strings; sourceTree = "<group>"; };
		27F1D9B5186174B10087FC3A /* Standing Desk App.app */ = {isa = PBXFileReference; explicitFileType = wrapper.application; includeInIndex = 0; path = "Standing Desk App.app"; sourceTree = BUILT_PRODUCTS_DIR; };
		27F1D9B8186174B10087FC3A /* Cocoa.framework */ = {isa = PBXFileReference; lastKnownFileType = wrapper.framework; name = Cocoa.framework; path = System/Library/Frameworks/Cocoa.framework; sourceTree = SDKROOT; };
		27F1D9BB186174B10087FC3A /* AppKit.framework */ = {isa = PBXFileReference; lastKnownFileType = wrapper.framework; name = AppKit.framework; path = System/Library/Frameworks/AppKit.framework; sourceTree = SDKROOT; };
		27F1D9BC186174B10087FC3A /* CoreData.framework */ = {isa = PBXFileReference; lastKnownFileType = wrapper.framework; name = CoreData.framework; path = System/Library/Frameworks/CoreData.framework; sourceTree = SDKROOT; };
		27F1D9BD186174B10087FC3A /* Foundation.framework */ = {isa = PBXFileReference; lastKnownFileType = wrapper.framework; name = Foundation.framework; path = System/Library/Frameworks/Foundation.framework; sourceTree = SDKROOT; };
		27F1D9C0186174B10087FC3A /* Standing Desk App-Info.plist */ = {isa = PBXFileReference; lastKnownFileType = text.plist.xml; path = "Standing Desk App-Info.plist"; sourceTree = "<group>"; };
		27F1D9C2186174B10087FC3A /* en */ = {isa = PBXFileReference; lastKnownFileType = text.plist.strings; name = en; path = en.lproj/InfoPlist.strings; sourceTree = "<group>"; };
		27F1D9C4186174B10087FC3A /* main.m */ = {isa = PBXFileReference; lastKnownFileType = sourcecode.c.objc; path = main.m; sourceTree = "<group>"; };
		27F1D9C6186174B10087FC3A /* Standing Desk App-Prefix.pch */ = {isa = PBXFileReference; lastKnownFileType = sourcecode.c.h; path = "Standing Desk App-Prefix.pch"; sourceTree = "<group>"; };
		27F1D9C8186174B10087FC3A /* en */ = {isa = PBXFileReference; lastKnownFileType = text.rtf; name = en; path = en.lproj/Credits.rtf; sourceTree = "<group>"; };
		27F1D9CA186174B10087FC3A /* SDAAppDelegate.h */ = {isa = PBXFileReference; lastKnownFileType = sourcecode.c.h; path = SDAAppDelegate.h; sourceTree = "<group>"; };
		27F1D9CB186174B10087FC3A /* SDAAppDelegate.m */ = {isa = PBXFileReference; lastKnownFileType = sourcecode.c.objc; path = SDAAppDelegate.m; sourceTree = "<group>"; };
		27F1D9CE186174B10087FC3A /* Base */ = {isa = PBXFileReference; lastKnownFileType = file.xib; name = Base; path = Base.lproj/MainMenu.xib; sourceTree = "<group>"; };
		27F1D9D0186174B10087FC3A /* Images.xcassets */ = {isa = PBXFileReference; lastKnownFileType = folder.assetcatalog; path = Images.xcassets; sourceTree = "<group>"; };
		27F1D9D6186174B10087FC3A /* Standing Desk AppTests.xctest */ = {isa = PBXFileReference; explicitFileType = wrapper.cfbundle; includeInIndex = 0; path = "Standing Desk AppTests.xctest"; sourceTree = BUILT_PRODUCTS_DIR; };
		27F1D9D7186174B10087FC3A /* XCTest.framework */ = {isa = PBXFileReference; lastKnownFileType = wrapper.framework; name = XCTest.framework; path = Library/Frameworks/XCTest.framework; sourceTree = DEVELOPER_DIR; };
		27F1D9DE186174B10087FC3A /* Standing Desk AppTests-Info.plist */ = {isa = PBXFileReference; lastKnownFileType = text.plist.xml; path = "Standing Desk AppTests-Info.plist"; sourceTree = "<group>"; };
		27F1D9E0186174B10087FC3A /* en */ = {isa = PBXFileReference; lastKnownFileType = text.plist.strings; name = en; path = en.lproj/InfoPlist.strings; sourceTree = "<group>"; };
		27F1D9E2186174B10087FC3A /* Standing_Desk_AppTests.m */ = {isa = PBXFileReference; lastKnownFileType = sourcecode.c.objc; path = Standing_Desk_AppTests.m; sourceTree = "<group>"; };
		5512DEDD18CBCD0D0044BC2E /* SDASettingPreset.h */ = {isa = PBXFileReference; fileEncoding = 4; lastKnownFileType = sourcecode.c.h; path = SDASettingPreset.h; sourceTree = "<group>"; };
		5512DEDE18CBCD0D0044BC2E /* SDASettingPreset.m */ = {isa = PBXFileReference; fileEncoding = 4; lastKnownFileType = sourcecode.c.objc; path = SDASettingPreset.m; sourceTree = "<group>"; };
		5512DEE118CBCEA50044BC2E /* SDAPresetTable.h */ = {isa = PBXFileReference; fileEncoding = 4; lastKnownFileType = sourcecode.c.h; path = SDAPresetTable.h; sourceTree = "<group>"; };
		5512DEE218CBCEA50044BC2E /* SDAPresetTable.m */ = {isa = PBXFileReference; fileEncoding = 4; lastKnownFileType = sourcecode.c.objc; path = SDAPresetTable.m; sourceTree = "<group>"; };
		5512DEE418CBEA3E0044BC2E /* SDAConstants.h */ = {isa = PBXFileReference; lastKnownFileType = sourcecode.c.h; path = SDAConstants.h; sourceTree = "<group>"; };
		553F9587186F9FF300BD36BB /* SDAAppController.h */ = {isa = PBXFileReference; fileEncoding = 4; lastKnownFileType = sourcecode.c.h; path = SDAAppController.h; sourceTree = "<group>"; };
		553F9588186F9FF300BD36BB /* SDAAppController.m */ = {isa = PBXFileReference; fileEncoding = 4; lastKnownFileType = sourcecode.c.objc; path = SDAAppController.m; sourceTree = "<group>"; };
		553F958A186FA0B800BD36BB /* SDAAppSettings.h */ = {isa = PBXFileReference; fileEncoding = 4; lastKnownFileType = sourcecode.c.h; path = SDAAppSettings.h; sourceTree = "<group>"; };
		553F958B186FA0B800BD36BB /* SDAAppSettings.m */ = {isa = PBXFileReference; fileEncoding = 4; lastKnownFileType = sourcecode.c.objc; path = SDAAppSettings.m; sourceTree = "<group>"; };
		553F958D186FA19D00BD36BB /* SDAAlertSetting.h */ = {isa = PBXFileReference; fileEncoding = 4; lastKnownFileType = sourcecode.c.h; path = SDAAlertSetting.h; sourceTree = "<group>"; };
		553F958E186FA19D00BD36BB /* SDAAlertSetting.m */ = {isa = PBXFileReference; fileEncoding = 4; lastKnownFileType = sourcecode.c.objc; path = SDAAlertSetting.m; sourceTree = "<group>"; };
		553F9590186FD3B700BD36BB /* sda_config.plist */ = {isa = PBXFileReference; fileEncoding = 4; lastKnownFileType = text.plist.xml; path = sda_config.plist; sourceTree = "<group>"; };
		55A149D4187DF18800EFA8A3 /* IOKit.framework */ = {isa = PBXFileReference; lastKnownFileType = wrapper.framework; name = IOKit.framework; path = System/Library/Frameworks/IOKit.framework; sourceTree = SDKROOT; };
		55A149D6187DF1AC00EFA8A3 /* SDAIdleDetector.h */ = {isa = PBXFileReference; fileEncoding = 4; lastKnownFileType = sourcecode.c.h; path = SDAIdleDetector.h; sourceTree = "<group>"; };
		55A149D7187DF1AC00EFA8A3 /* SDAIdleDetector.m */ = {isa = PBXFileReference; fileEncoding = 4; lastKnownFileType = sourcecode.c.objc; path = SDAIdleDetector.m; sourceTree = "<group>"; };
		55B5A955187A067500C7CDCD /* SDAAppDelegate+Notifications.h */ = {isa = PBXFileReference; fileEncoding = 4; lastKnownFileType = sourcecode.c.h; path = "SDAAppDelegate+Notifications.h"; sourceTree = "<group>"; };
		55B5A956187A067500C7CDCD /* SDAAppDelegate+Notifications.m */ = {isa = PBXFileReference; fileEncoding = 4; lastKnownFileType = sourcecode.c.objc; path = "SDAAppDelegate+Notifications.m"; sourceTree = "<group>"; };
		6E8E00190031FE69B622550F /* libPods-Standing Desk App.a */ = {isa = PBXFileReference; explicitFileType = archive.ar; includeInIndex = 0; path = "libPods-Standing Desk App.a"; sourceTree = BUILT_PRODUCTS_DIR; };
		6FE6819BCB0B4B2E105F19DC /* Pods-Standing Desk AppTests.release.xcconfig */ = {isa = PBXFileReference; includeInIndex = 1; lastKnownFileType = text.xcconfig; name = "Pods-Standing Desk AppTests.release.xcconfig"; path = "Pods/Target Support Files/Pods-Standing Desk AppTests/Pods-Standing Desk AppTests.release.xcconfig"; sourceTree = "<group>"; };
		7BAE096A8609F2D6327F7CDB /* Pods-Standing Desk App.release.xcconfig */ = {isa = PBXFileReference; includeInIndex = 1; lastKnownFileType = text.xcconfig; name = "Pods-Standing Desk App.release.xcconfig"; path = "Pods/Target Support Files/Pods-Standing Desk App/Pods-Standing Desk App.release.xcconfig"; sourceTree = "<group>"; };
		D35F24A7B741C29589C5C24B /* Pods-Standing Desk App.debug.xcconfig */ = {isa = PBXFileReference; includeInIndex = 1; lastKnownFileType = text.xcconfig; name = "Pods-Standing Desk App.debug.xcconfig"; path = "Pods/Target Support Files/Pods-Standing Desk App/Pods-Standing Desk App.debug.xcconfig"; sourceTree = "<group>"; };
		D49C26FCDEDCE25126298A27 /* libPods-Standing Desk AppTests.a */ = {isa = PBXFileReference; explicitFileType = archive.ar; includeInIndex = 0; path = "libPods-Standing Desk AppTests.a"; sourceTree = BUILT_PRODUCTS_DIR; };
		EF4F8F1DD4929B9E68B0987B /* Pods-Standing Desk AppTests.debug.xcconfig */ = {isa = PBXFileReference; includeInIndex = 1; lastKnownFileType = text.xcconfig; name = "Pods-Standing Desk AppTests.debug.xcconfig"; path = "Pods/Target Support Files/Pods-Standing Desk AppTests/Pods-Standing Desk AppTests.debug.xcconfig"; sourceTree = "<group>"; };
/* End PBXFileReference section */

/* Begin PBXFrameworksBuildPhase section */
		27F1D9B2186174B10087FC3A /* Frameworks */ = {
			isa = PBXFrameworksBuildPhase;
			buildActionMask = 2147483647;
			files = (
				27DA93A718CC308000890D8B /* Carbon.framework in Frameworks */,
				55A149D5187DF18800EFA8A3 /* IOKit.framework in Frameworks */,
				27F1D9B9186174B10087FC3A /* Cocoa.framework in Frameworks */,
				86F1E8AE278EC95729F1CBE1 /* libPods-Standing Desk App.a in Frameworks */,
			);
			runOnlyForDeploymentPostprocessing = 0;
		};
		27F1D9D3186174B10087FC3A /* Frameworks */ = {
			isa = PBXFrameworksBuildPhase;
			buildActionMask = 2147483647;
			files = (
				27F1D9D9186174B10087FC3A /* Cocoa.framework in Frameworks */,
				27F1D9D8186174B10087FC3A /* XCTest.framework in Frameworks */,
				D8340019236982899873D4CC /* libPods-Standing Desk AppTests.a in Frameworks */,
			);
			runOnlyForDeploymentPostprocessing = 0;
		};
/* End PBXFrameworksBuildPhase section */

/* Begin PBXGroup section */
		0872E87E18824EDC0028586C /* Images */ = {
			isa = PBXGroup;
			children = (
				080CDB36189F24CA002A3D39 /* icon_pausing.png */,
				080CDB34189F2467002A3D39 /* icon_transitioning.png */,
				0805A67C18921BE6000C32EE /* icon_sitting.png */,
				0805A67D18921BE6000C32EE /* icon_standing.png */,
				0872E8A7188252470028586C /* desk_logo_sit_16_1x.png */,
				0872E8A8188252470028586C /* desk_logo_sit_16_2x.png */,
				0872E8A9188252470028586C /* desk_logo_sit_32_1x.png */,
				0872E8AA188252470028586C /* desk_logo_sit_32_2x.png */,
				0872E8AB188252470028586C /* desk_logo_sit_128_1x.png */,
				0872E8AC188252470028586C /* desk_logo_sit_128_2x.png */,
				0872E8AD188252470028586C /* desk_logo_sit_256_1x.png */,
				0872E8AE188252470028586C /* desk_logo_sit_256_2x.png */,
				0872E8AF188252470028586C /* desk_logo_sit_512_1x.png */,
				0872E8B0188252470028586C /* desk_logo_sit_512_2x.png */,
				0872E8931882507F0028586C /* desk_logo_16_1x.png */,
				0872E8941882507F0028586C /* desk_logo_16_2x.png */,
				0872E8951882507F0028586C /* desk_logo_32_1x.png */,
				0872E8961882507F0028586C /* desk_logo_32_2x.png */,
				0872E8971882507F0028586C /* desk_logo_128_1x.png */,
				0872E8981882507F0028586C /* desk_logo_128_2x.png */,
				0872E8991882507F0028586C /* desk_logo_256_1x.png */,
				0872E89A1882507F0028586C /* desk_logo_256_2x.png */,
				0872E89B1882507F0028586C /* desk_logo_512_1x.png */,
				0872E89C1882507F0028586C /* desk_logo_512_2x.png */,
			);
			path = Images;
			sourceTree = "<group>";
		};
		27A44DF71886882B00342C82 /* Audio */ = {
			isa = PBXGroup;
			children = (
				27A44DF81886885C00342C82 /* Sit.m4a */,
				27969CFE1887C87900D3D2DF /* Stand.m4a */,
			);
			path = Audio;
			sourceTree = "<group>";
		};
		27A44DFC18868BBF00342C82 /* Resources */ = {
			isa = PBXGroup;
			children = (
				27A44DF71886882B00342C82 /* Audio */,
				0872E87E18824EDC0028586C /* Images */,
			);
			path = Resources;
			sourceTree = "<group>";
		};
		27F1D9AC186174B10087FC3A = {
			isa = PBXGroup;
			children = (
				27F1D9BE186174B10087FC3A /* Standing Desk App */,
				27F1D9DC186174B10087FC3A /* Standing Desk AppTests */,
				27F1D9B7186174B10087FC3A /* Frameworks */,
				27F1D9B6186174B10087FC3A /* Products */,
				DAAACBFFDFC38A7AE29E4D45 /* Pods */,
			);
			sourceTree = "<group>";
		};
		27F1D9B6186174B10087FC3A /* Products */ = {
			isa = PBXGroup;
			children = (
				27F1D9B5186174B10087FC3A /* Standing Desk App.app */,
				27F1D9D6186174B10087FC3A /* Standing Desk AppTests.xctest */,
			);
			name = Products;
			sourceTree = "<group>";
		};
		27F1D9B7186174B10087FC3A /* Frameworks */ = {
			isa = PBXGroup;
			children = (
				27DA93A618CC308000890D8B /* Carbon.framework */,
				55A149D4187DF18800EFA8A3 /* IOKit.framework */,
				27F1D9B8186174B10087FC3A /* Cocoa.framework */,
				27F1D9D7186174B10087FC3A /* XCTest.framework */,
				27F1D9BA186174B10087FC3A /* Other Frameworks */,
				6E8E00190031FE69B622550F /* libPods-Standing Desk App.a */,
				D49C26FCDEDCE25126298A27 /* libPods-Standing Desk AppTests.a */,
			);
			name = Frameworks;
			sourceTree = "<group>";
		};
		27F1D9BA186174B10087FC3A /* Other Frameworks */ = {
			isa = PBXGroup;
			children = (
				27F1D9BB186174B10087FC3A /* AppKit.framework */,
				27F1D9BC186174B10087FC3A /* CoreData.framework */,
				27F1D9BD186174B10087FC3A /* Foundation.framework */,
			);
			name = "Other Frameworks";
			sourceTree = "<group>";
		};
		27F1D9BE186174B10087FC3A /* Standing Desk App */ = {
			isa = PBXGroup;
			children = (
				5512DEE018CBCE840044BC2E /* Presets */,
				27A44DFC18868BBF00342C82 /* Resources */,
				55B5A958187A091100C7CDCD /* SDAAppCategories */,
				27F1D9BF186174B10087FC3A /* Supporting Files */,
				27F1D9D0186174B10087FC3A /* Images.xcassets */,
				27E76EE31C686FEA0006FD10 /* Localizable.strings */,
				27F1D9CD186174B10087FC3A /* MainMenu.xib */,
				2774735E1887CBBF00F27C77 /* README.md */,
				27F1D9CA186174B10087FC3A /* SDAAppDelegate.h */,
				27F1D9CB186174B10087FC3A /* SDAAppDelegate.m */,
				553F9587186F9FF300BD36BB /* SDAAppController.h */,
				553F9588186F9FF300BD36BB /* SDAAppController.m */,
				553F958A186FA0B800BD36BB /* SDAAppSettings.h */,
				553F958B186FA0B800BD36BB /* SDAAppSettings.m */,
				553F958D186FA19D00BD36BB /* SDAAlertSetting.h */,
				553F958E186FA19D00BD36BB /* SDAAlertSetting.m */,
				55A149D6187DF1AC00EFA8A3 /* SDAIdleDetector.h */,
				55A149D7187DF1AC00EFA8A3 /* SDAIdleDetector.m */,
				553F9590186FD3B700BD36BB /* sda_config.plist */,
				27652E6B187548C600BD3DC5 /* SystemSounds.h */,
				27652E6C187548C600BD3DC5 /* SystemSounds.m */,
				5512DEE418CBEA3E0044BC2E /* SDAConstants.h */,
			);
			path = "Standing Desk App";
			sourceTree = "<group>";
		};
		27F1D9BF186174B10087FC3A /* Supporting Files */ = {
			isa = PBXGroup;
			children = (
				27F1D9C0186174B10087FC3A /* Standing Desk App-Info.plist */,
				27F1D9C1186174B10087FC3A /* InfoPlist.strings */,
				27F1D9C4186174B10087FC3A /* main.m */,
				27F1D9C6186174B10087FC3A /* Standing Desk App-Prefix.pch */,
				27F1D9C7186174B10087FC3A /* Credits.rtf */,
			);
			name = "Supporting Files";
			sourceTree = "<group>";
		};
		27F1D9DC186174B10087FC3A /* Standing Desk AppTests */ = {
			isa = PBXGroup;
			children = (
				27F1D9E2186174B10087FC3A /* Standing_Desk_AppTests.m */,
				27F1D9DD186174B10087FC3A /* Supporting Files */,
			);
			path = "Standing Desk AppTests";
			sourceTree = "<group>";
		};
		27F1D9DD186174B10087FC3A /* Supporting Files */ = {
			isa = PBXGroup;
			children = (
				27F1D9DE186174B10087FC3A /* Standing Desk AppTests-Info.plist */,
				27F1D9DF186174B10087FC3A /* InfoPlist.strings */,
			);
			name = "Supporting Files";
			sourceTree = "<group>";
		};
		5512DEE018CBCE840044BC2E /* Presets */ = {
			isa = PBXGroup;
			children = (
				5512DEDD18CBCD0D0044BC2E /* SDASettingPreset.h */,
				5512DEDE18CBCD0D0044BC2E /* SDASettingPreset.m */,
				5512DEE118CBCEA50044BC2E /* SDAPresetTable.h */,
				5512DEE218CBCEA50044BC2E /* SDAPresetTable.m */,
			);
			name = Presets;
			sourceTree = "<group>";
		};
		55B5A958187A091100C7CDCD /* SDAAppCategories */ = {
			isa = PBXGroup;
			children = (
				55B5A955187A067500C7CDCD /* SDAAppDelegate+Notifications.h */,
				55B5A956187A067500C7CDCD /* SDAAppDelegate+Notifications.m */,
			);
			name = SDAAppCategories;
			sourceTree = "<group>";
		};
		DAAACBFFDFC38A7AE29E4D45 /* Pods */ = {
			isa = PBXGroup;
			children = (
				D35F24A7B741C29589C5C24B /* Pods-Standing Desk App.debug.xcconfig */,
				7BAE096A8609F2D6327F7CDB /* Pods-Standing Desk App.release.xcconfig */,
				EF4F8F1DD4929B9E68B0987B /* Pods-Standing Desk AppTests.debug.xcconfig */,
				6FE6819BCB0B4B2E105F19DC /* Pods-Standing Desk AppTests.release.xcconfig */,
			);
			name = Pods;
			sourceTree = "<group>";
		};
/* End PBXGroup section */

/* Begin PBXNativeTarget section */
		27F1D9B4186174B10087FC3A /* Standing Desk App */ = {
			isa = PBXNativeTarget;
			buildConfigurationList = 27F1D9E6186174B10087FC3A /* Build configuration list for PBXNativeTarget "Standing Desk App" */;
			buildPhases = (
				B69FACB5A9305A91762B6B93 /* [CP] Check Pods Manifest.lock */,
				27F1D9B1186174B10087FC3A /* Sources */,
				27F1D9B2186174B10087FC3A /* Frameworks */,
				27F1D9B3186174B10087FC3A /* Resources */,
				92FAD1B4FE707E31A2F59468 /* [CP] Embed Pods Frameworks */,
				8BECCB4D3ACA9AF47EFF23F1 /* [CP] Copy Pods Resources */,
			);
			buildRules = (
			);
			dependencies = (
			);
			name = "Standing Desk App";
			productName = "Standing Desk App";
			productReference = 27F1D9B5186174B10087FC3A /* Standing Desk App.app */;
			productType = "com.apple.product-type.application";
		};
		27F1D9D5186174B10087FC3A /* Standing Desk AppTests */ = {
			isa = PBXNativeTarget;
			buildConfigurationList = 27F1D9E9186174B10087FC3A /* Build configuration list for PBXNativeTarget "Standing Desk AppTests" */;
			buildPhases = (
				0D3FA1DEA0A0C7DE1EB3E2E4 /* [CP] Check Pods Manifest.lock */,
				27F1D9D2186174B10087FC3A /* Sources */,
				27F1D9D3186174B10087FC3A /* Frameworks */,
				27F1D9D4186174B10087FC3A /* Resources */,
				43E08E6EBEB84C70E67E1C82 /* [CP] Embed Pods Frameworks */,
				C4FB353E3711A24390EB2D6E /* [CP] Copy Pods Resources */,
			);
			buildRules = (
			);
			dependencies = (
				27F1D9DB186174B10087FC3A /* PBXTargetDependency */,
			);
			name = "Standing Desk AppTests";
			productName = "Standing Desk AppTests";
			productReference = 27F1D9D6186174B10087FC3A /* Standing Desk AppTests.xctest */;
			productType = "com.apple.product-type.bundle.unit-test";
		};
/* End PBXNativeTarget section */

/* Begin PBXProject section */
		27F1D9AD186174B10087FC3A /* Project object */ = {
			isa = PBXProject;
			attributes = {
				CLASSPREFIX = SDA;
				LastUpgradeCheck = 0820;
				ORGANIZATIONNAME = "Puppy Bongos";
				TargetAttributes = {
					27F1D9B4186174B10087FC3A = {
						DevelopmentTeam = 9YM4Z8E88H;
					};
					27F1D9D5186174B10087FC3A = {
						TestTargetID = 27F1D9B4186174B10087FC3A;
					};
				};
			};
			buildConfigurationList = 27F1D9B0186174B10087FC3A /* Build configuration list for PBXProject "Standing Desk App" */;
			compatibilityVersion = "Xcode 3.2";
			developmentRegion = English;
			hasScannedForEncodings = 0;
			knownRegions = (
				en,
				Base,
				tr,
				fr,
			);
			mainGroup = 27F1D9AC186174B10087FC3A;
			productRefGroup = 27F1D9B6186174B10087FC3A /* Products */;
			projectDirPath = "";
			projectRoot = "";
			targets = (
				27F1D9B4186174B10087FC3A /* Standing Desk App */,
				27F1D9D5186174B10087FC3A /* Standing Desk AppTests */,
			);
		};
/* End PBXProject section */

/* Begin PBXResourcesBuildPhase section */
		27F1D9B3186174B10087FC3A /* Resources */ = {
			isa = PBXResourcesBuildPhase;
			buildActionMask = 2147483647;
			files = (
				27F1D9C3186174B10087FC3A /* InfoPlist.strings in Resources */,
				0872E8B5188252470028586C /* desk_logo_sit_128_1x.png in Resources */,
				080CDB37189F24CA002A3D39 /* icon_pausing.png in Resources */,
				0872E8B9188252470028586C /* desk_logo_sit_512_1x.png in Resources */,
				27F1D9D1186174B10087FC3A /* Images.xcassets in Resources */,
				0872E89E1882507F0028586C /* desk_logo_16_2x.png in Resources */,
				0872E8B2188252470028586C /* desk_logo_sit_16_2x.png in Resources */,
				0872E8B7188252470028586C /* desk_logo_sit_256_1x.png in Resources */,
				0872E89F1882507F0028586C /* desk_logo_32_1x.png in Resources */,
				0872E8B1188252470028586C /* desk_logo_sit_16_1x.png in Resources */,
				0805A68018921BE6000C32EE /* icon_standing.png in Resources */,
				0872E8A31882507F0028586C /* desk_logo_256_1x.png in Resources */,
				0805A67F18921BE6000C32EE /* icon_sitting.png in Resources */,
				27E76EE11C686FEA0006FD10 /* Localizable.strings in Resources */,
				0872E8A41882507F0028586C /* desk_logo_256_2x.png in Resources */,
				0872E8A11882507F0028586C /* desk_logo_128_1x.png in Resources */,
				27F1D9C9186174B10087FC3A /* Credits.rtf in Resources */,
				2774735F1887CBBF00F27C77 /* README.md in Resources */,
				0872E89D1882507F0028586C /* desk_logo_16_1x.png in Resources */,
				0872E8A61882507F0028586C /* desk_logo_512_2x.png in Resources */,
				27A44DFA1886885C00342C82 /* Sit.m4a in Resources */,
				0872E8B8188252470028586C /* desk_logo_sit_256_2x.png in Resources */,
				0872E8BA188252470028586C /* desk_logo_sit_512_2x.png in Resources */,
				0872E8B3188252470028586C /* desk_logo_sit_32_1x.png in Resources */,
				27F1D9CF186174B10087FC3A /* MainMenu.xib in Resources */,
				0872E8B4188252470028586C /* desk_logo_sit_32_2x.png in Resources */,
				0872E8A21882507F0028586C /* desk_logo_128_2x.png in Resources */,
				080CDB35189F2467002A3D39 /* icon_transitioning.png in Resources */,
				553F9591186FD3B700BD36BB /* sda_config.plist in Resources */,
				0872E8B6188252470028586C /* desk_logo_sit_128_2x.png in Resources */,
				0872E8A51882507F0028586C /* desk_logo_512_1x.png in Resources */,
				0872E8A01882507F0028586C /* desk_logo_32_2x.png in Resources */,
				5505441E1892214400261B93 /* Stand.m4a in Resources */,
			);
			runOnlyForDeploymentPostprocessing = 0;
		};
		27F1D9D4186174B10087FC3A /* Resources */ = {
			isa = PBXResourcesBuildPhase;
			buildActionMask = 2147483647;
			files = (
				27F1D9E1186174B10087FC3A /* InfoPlist.strings in Resources */,
			);
			runOnlyForDeploymentPostprocessing = 0;
		};
/* End PBXResourcesBuildPhase section */

/* Begin PBXShellScriptBuildPhase section */
		0D3FA1DEA0A0C7DE1EB3E2E4 /* [CP] Check Pods Manifest.lock */ = {
			isa = PBXShellScriptBuildPhase;
			buildActionMask = 2147483647;
			files = (
			);
			inputPaths = (
			);
			name = "[CP] Check Pods Manifest.lock";
			outputPaths = (
			);
			runOnlyForDeploymentPostprocessing = 0;
			shellPath = /bin/sh;
			shellScript = "diff \"${PODS_ROOT}/../Podfile.lock\" \"${PODS_ROOT}/Manifest.lock\" > /dev/null\nif [ $? != 0 ] ; then\n    # print error to STDERR\n    echo \"error: The sandbox is not in sync with the Podfile.lock. Run 'pod install' or update your CocoaPods installation.\" >&2\n    exit 1\nfi\n";
			showEnvVarsInLog = 0;
		};
		43E08E6EBEB84C70E67E1C82 /* [CP] Embed Pods Frameworks */ = {
			isa = PBXShellScriptBuildPhase;
			buildActionMask = 2147483647;
			files = (
			);
			inputPaths = (
			);
			name = "[CP] Embed Pods Frameworks";
			outputPaths = (
			);
			runOnlyForDeploymentPostprocessing = 0;
			shellPath = /bin/sh;
			shellScript = "\"${SRCROOT}/Pods/Target Support Files/Pods-Standing Desk AppTests/Pods-Standing Desk AppTests-frameworks.sh\"\n";
			showEnvVarsInLog = 0;
		};
		8BECCB4D3ACA9AF47EFF23F1 /* [CP] Copy Pods Resources */ = {
			isa = PBXShellScriptBuildPhase;
			buildActionMask = 2147483647;
			files = (
			);
			inputPaths = (
			);
			name = "[CP] Copy Pods Resources";
			outputPaths = (
			);
			runOnlyForDeploymentPostprocessing = 0;
			shellPath = /bin/sh;
			shellScript = "\"${SRCROOT}/Pods/Target Support Files/Pods-Standing Desk App/Pods-Standing Desk App-resources.sh\"\n";
			showEnvVarsInLog = 0;
		};
		92FAD1B4FE707E31A2F59468 /* [CP] Embed Pods Frameworks */ = {
			isa = PBXShellScriptBuildPhase;
			buildActionMask = 2147483647;
			files = (
			);
			inputPaths = (
			);
			name = "[CP] Embed Pods Frameworks";
			outputPaths = (
			);
			runOnlyForDeploymentPostprocessing = 0;
			shellPath = /bin/sh;
			shellScript = "\"${SRCROOT}/Pods/Target Support Files/Pods-Standing Desk App/Pods-Standing Desk App-frameworks.sh\"\n";
			showEnvVarsInLog = 0;
		};
		B69FACB5A9305A91762B6B93 /* [CP] Check Pods Manifest.lock */ = {
			isa = PBXShellScriptBuildPhase;
			buildActionMask = 2147483647;
			files = (
			);
			inputPaths = (
			);
			name = "[CP] Check Pods Manifest.lock";
			outputPaths = (
			);
			runOnlyForDeploymentPostprocessing = 0;
			shellPath = /bin/sh;
			shellScript = "diff \"${PODS_ROOT}/../Podfile.lock\" \"${PODS_ROOT}/Manifest.lock\" > /dev/null\nif [ $? != 0 ] ; then\n    # print error to STDERR\n    echo \"error: The sandbox is not in sync with the Podfile.lock. Run 'pod install' or update your CocoaPods installation.\" >&2\n    exit 1\nfi\n";
			showEnvVarsInLog = 0;
		};
		C4FB353E3711A24390EB2D6E /* [CP] Copy Pods Resources */ = {
			isa = PBXShellScriptBuildPhase;
			buildActionMask = 2147483647;
			files = (
			);
			inputPaths = (
			);
			name = "[CP] Copy Pods Resources";
			outputPaths = (
			);
			runOnlyForDeploymentPostprocessing = 0;
			shellPath = /bin/sh;
			shellScript = "\"${SRCROOT}/Pods/Target Support Files/Pods-Standing Desk AppTests/Pods-Standing Desk AppTests-resources.sh\"\n";
			showEnvVarsInLog = 0;
		};
/* End PBXShellScriptBuildPhase section */

/* Begin PBXSourcesBuildPhase section */
		27F1D9B1186174B10087FC3A /* Sources */ = {
			isa = PBXSourcesBuildPhase;
			buildActionMask = 2147483647;
			files = (
				27652E6D187548C600BD3DC5 /* SystemSounds.m in Sources */,
				553F958F186FA19D00BD36BB /* SDAAlertSetting.m in Sources */,
				5512DEDF18CBCD0D0044BC2E /* SDASettingPreset.m in Sources */,
				55B5A957187A067500C7CDCD /* SDAAppDelegate+Notifications.m in Sources */,
				27F1D9C5186174B10087FC3A /* main.m in Sources */,
				55A149D8187DF1AC00EFA8A3 /* SDAIdleDetector.m in Sources */,
				553F958C186FA0B800BD36BB /* SDAAppSettings.m in Sources */,
				553F9589186F9FF300BD36BB /* SDAAppController.m in Sources */,
				5512DEE318CBCEA50044BC2E /* SDAPresetTable.m in Sources */,
				27F1D9CC186174B10087FC3A /* SDAAppDelegate.m in Sources */,
			);
			runOnlyForDeploymentPostprocessing = 0;
		};
		27F1D9D2186174B10087FC3A /* Sources */ = {
			isa = PBXSourcesBuildPhase;
			buildActionMask = 2147483647;
			files = (
				27F1D9E3186174B10087FC3A /* Standing_Desk_AppTests.m in Sources */,
			);
			runOnlyForDeploymentPostprocessing = 0;
		};
/* End PBXSourcesBuildPhase section */

/* Begin PBXTargetDependency section */
		27F1D9DB186174B10087FC3A /* PBXTargetDependency */ = {
			isa = PBXTargetDependency;
			target = 27F1D9B4186174B10087FC3A /* Standing Desk App */;
			targetProxy = 27F1D9DA186174B10087FC3A /* PBXContainerItemProxy */;
		};
/* End PBXTargetDependency section */

/* Begin PBXVariantGroup section */
		27E76EE31C686FEA0006FD10 /* Localizable.strings */ = {
			isa = PBXVariantGroup;
			children = (
				27E76EE41C6870CC0006FD10 /* en */,
				27E76EE61C6870E20006FD10 /* tr */,
				27E76EE71C6870E50006FD10 /* fr */,
			);
			name = Localizable.strings;
			path = ..;
			sourceTree = "<group>";
		};
		27F1D9C1186174B10087FC3A /* InfoPlist.strings */ = {
			isa = PBXVariantGroup;
			children = (
				27F1D9C2186174B10087FC3A /* en */,
				27E76EDA1C6863FF0006FD10 /* tr */,
				27E76EDE1C68640A0006FD10 /* fr */,
			);
			name = InfoPlist.strings;
			sourceTree = "<group>";
		};
		27F1D9C7186174B10087FC3A /* Credits.rtf */ = {
			isa = PBXVariantGroup;
			children = (
				27F1D9C8186174B10087FC3A /* en */,
				27E76EDB1C6863FF0006FD10 /* tr */,
				27E76EDF1C68640A0006FD10 /* fr */,
			);
			name = Credits.rtf;
			sourceTree = "<group>";
		};
		27F1D9CD186174B10087FC3A /* MainMenu.xib */ = {
			isa = PBXVariantGroup;
			children = (
				27F1D9CE186174B10087FC3A /* Base */,
				27E76ED91C6863FF0006FD10 /* tr */,
				27E76EDD1C68640A0006FD10 /* fr */,
			);
			name = MainMenu.xib;
			sourceTree = "<group>";
		};
		27F1D9DF186174B10087FC3A /* InfoPlist.strings */ = {
			isa = PBXVariantGroup;
			children = (
				27F1D9E0186174B10087FC3A /* en */,
				27E76EDC1C6863FF0006FD10 /* tr */,
				27E76EE01C68640A0006FD10 /* fr */,
			);
			name = InfoPlist.strings;
			sourceTree = "<group>";
		};
/* End PBXVariantGroup section */

/* Begin XCBuildConfiguration section */
		27F1D9E4186174B10087FC3A /* Debug */ = {
			isa = XCBuildConfiguration;
			buildSettings = {
				ALWAYS_SEARCH_USER_PATHS = NO;
				CLANG_ANALYZER_LOCALIZABILITY_NONLOCALIZED = YES;
				CLANG_CXX_LANGUAGE_STANDARD = "gnu++0x";
				CLANG_CXX_LIBRARY = "libc++";
				CLANG_ENABLE_OBJC_ARC = YES;
				CLANG_WARN_BOOL_CONVERSION = YES;
				CLANG_WARN_CONSTANT_CONVERSION = YES;
				CLANG_WARN_DIRECT_OBJC_ISA_USAGE = YES_ERROR;
				CLANG_WARN_EMPTY_BODY = YES;
				CLANG_WARN_ENUM_CONVERSION = YES;
				CLANG_WARN_INFINITE_RECURSION = YES;
				CLANG_WARN_INT_CONVERSION = YES;
				CLANG_WARN_OBJC_ROOT_CLASS = YES_ERROR;
				CLANG_WARN_SUSPICIOUS_MOVE = YES;
				CLANG_WARN_UNREACHABLE_CODE = YES;
				CLANG_WARN__DUPLICATE_METHOD_MATCH = YES;
				COPY_PHASE_STRIP = NO;
				ENABLE_STRICT_OBJC_MSGSEND = YES;
				ENABLE_TESTABILITY = YES;
				GCC_C_LANGUAGE_STANDARD = gnu99;
				GCC_DYNAMIC_NO_PIC = NO;
				GCC_ENABLE_OBJC_EXCEPTIONS = YES;
				GCC_NO_COMMON_BLOCKS = YES;
				GCC_OPTIMIZATION_LEVEL = 0;
				GCC_PREPROCESSOR_DEFINITIONS = (
					"DEBUG=1",
					"$(inherited)",
				);
				GCC_SYMBOLS_PRIVATE_EXTERN = NO;
				GCC_WARN_64_TO_32_BIT_CONVERSION = YES;
				GCC_WARN_ABOUT_RETURN_TYPE = YES_ERROR;
				GCC_WARN_UNDECLARED_SELECTOR = YES;
				GCC_WARN_UNINITIALIZED_AUTOS = YES;
				GCC_WARN_UNUSED_FUNCTION = YES;
				GCC_WARN_UNUSED_VARIABLE = YES;
				MACOSX_DEPLOYMENT_TARGET = 10.12;
				ONLY_ACTIVE_ARCH = YES;
				SDKROOT = macosx;
			};
			name = Debug;
		};
		27F1D9E5186174B10087FC3A /* Release */ = {
			isa = XCBuildConfiguration;
			buildSettings = {
				ALWAYS_SEARCH_USER_PATHS = NO;
				CLANG_ANALYZER_LOCALIZABILITY_NONLOCALIZED = YES;
				CLANG_CXX_LANGUAGE_STANDARD = "gnu++0x";
				CLANG_CXX_LIBRARY = "libc++";
				CLANG_ENABLE_OBJC_ARC = YES;
				CLANG_WARN_BOOL_CONVERSION = YES;
				CLANG_WARN_CONSTANT_CONVERSION = YES;
				CLANG_WARN_DIRECT_OBJC_ISA_USAGE = YES_ERROR;
				CLANG_WARN_EMPTY_BODY = YES;
				CLANG_WARN_ENUM_CONVERSION = YES;
				CLANG_WARN_INFINITE_RECURSION = YES;
				CLANG_WARN_INT_CONVERSION = YES;
				CLANG_WARN_OBJC_ROOT_CLASS = YES_ERROR;
				CLANG_WARN_SUSPICIOUS_MOVE = YES;
				CLANG_WARN_UNREACHABLE_CODE = YES;
				CLANG_WARN__DUPLICATE_METHOD_MATCH = YES;
				COPY_PHASE_STRIP = YES;
				DEBUG_INFORMATION_FORMAT = "dwarf-with-dsym";
				ENABLE_NS_ASSERTIONS = NO;
				ENABLE_STRICT_OBJC_MSGSEND = YES;
				GCC_C_LANGUAGE_STANDARD = gnu99;
				GCC_ENABLE_OBJC_EXCEPTIONS = YES;
				GCC_NO_COMMON_BLOCKS = YES;
				GCC_WARN_64_TO_32_BIT_CONVERSION = YES;
				GCC_WARN_ABOUT_RETURN_TYPE = YES_ERROR;
				GCC_WARN_UNDECLARED_SELECTOR = YES;
				GCC_WARN_UNINITIALIZED_AUTOS = YES;
				GCC_WARN_UNUSED_FUNCTION = YES;
				GCC_WARN_UNUSED_VARIABLE = YES;
				MACOSX_DEPLOYMENT_TARGET = 10.12;
				SDKROOT = macosx;
			};
			name = Release;
		};
		27F1D9E7186174B10087FC3A /* Debug */ = {
			isa = XCBuildConfiguration;
			baseConfigurationReference = D35F24A7B741C29589C5C24B /* Pods-Standing Desk App.debug.xcconfig */;
			buildSettings = {
				ASSETCATALOG_COMPILER_APPICON_NAME = AppIcon;
				CODE_SIGN_IDENTITY = "Mac Developer";
				"CODE_SIGN_IDENTITY[sdk=macosx*]" = "Mac Developer";
				COMBINE_HIDPI_IMAGES = YES;
				GCC_PRECOMPILE_PREFIX_HEADER = YES;
				GCC_PREFIX_HEADER = "Standing Desk App/Standing Desk App-Prefix.pch";
				INFOPLIST_FILE = "Standing Desk App/Standing Desk App-Info.plist";
				MACOSX_DEPLOYMENT_TARGET = 10.10;
				PRODUCT_BUNDLE_IDENTIFIER = "Puppy-Bongos.${PRODUCT_NAME:rfc1034identifier}";
				PRODUCT_NAME = "$(TARGET_NAME)";
				PROVISIONING_PROFILE = "";
				WRAPPER_EXTENSION = app;
			};
			name = Debug;
		};
		27F1D9E8186174B10087FC3A /* Release */ = {
			isa = XCBuildConfiguration;
			baseConfigurationReference = 7BAE096A8609F2D6327F7CDB /* Pods-Standing Desk App.release.xcconfig */;
			buildSettings = {
				ASSETCATALOG_COMPILER_APPICON_NAME = AppIcon;
				CODE_SIGN_IDENTITY = "Mac Developer";
				"CODE_SIGN_IDENTITY[sdk=macosx*]" = "Mac Developer";
				COMBINE_HIDPI_IMAGES = YES;
				GCC_PRECOMPILE_PREFIX_HEADER = YES;
				GCC_PREFIX_HEADER = "Standing Desk App/Standing Desk App-Prefix.pch";
				INFOPLIST_FILE = "Standing Desk App/Standing Desk App-Info.plist";
				MACOSX_DEPLOYMENT_TARGET = 10.10;
				PRODUCT_BUNDLE_IDENTIFIER = "Puppy-Bongos.${PRODUCT_NAME:rfc1034identifier}";
				PRODUCT_NAME = "$(TARGET_NAME)";
				PROVISIONING_PROFILE = "";
				WRAPPER_EXTENSION = app;
			};
			name = Release;
		};
		27F1D9EA186174B10087FC3A /* Debug */ = {
			isa = XCBuildConfiguration;
			baseConfigurationReference = EF4F8F1DD4929B9E68B0987B /* Pods-Standing Desk AppTests.debug.xcconfig */;
			buildSettings = {
				BUNDLE_LOADER = "$(BUILT_PRODUCTS_DIR)/Standing Desk App.app/Contents/MacOS/Standing Desk App";
				COMBINE_HIDPI_IMAGES = YES;
				FRAMEWORK_SEARCH_PATHS = (
					"$(DEVELOPER_FRAMEWORKS_DIR)",
					"$(inherited)",
				);
				GCC_PRECOMPILE_PREFIX_HEADER = YES;
				GCC_PREFIX_HEADER = "Standing Desk App/Standing Desk App-Prefix.pch";
				GCC_PREPROCESSOR_DEFINITIONS = (
					"DEBUG=1",
					"$(inherited)",
				);
				INFOPLIST_FILE = "Standing Desk AppTests/Standing Desk AppTests-Info.plist";
				PRODUCT_BUNDLE_IDENTIFIER = "Puppy-Bongos.${PRODUCT_NAME:rfc1034identifier}";
				PRODUCT_NAME = "$(TARGET_NAME)";
				TEST_HOST = "$(BUNDLE_LOADER)";
				WRAPPER_EXTENSION = xctest;
			};
			name = Debug;
		};
		27F1D9EB186174B10087FC3A /* Release */ = {
			isa = XCBuildConfiguration;
			baseConfigurationReference = 6FE6819BCB0B4B2E105F19DC /* Pods-Standing Desk AppTests.release.xcconfig */;
			buildSettings = {
				BUNDLE_LOADER = "$(BUILT_PRODUCTS_DIR)/Standing Desk App.app/Contents/MacOS/Standing Desk App";
				COMBINE_HIDPI_IMAGES = YES;
				FRAMEWORK_SEARCH_PATHS = (
					"$(DEVELOPER_FRAMEWORKS_DIR)",
					"$(inherited)",
				);
				GCC_PRECOMPILE_PREFIX_HEADER = YES;
				GCC_PREFIX_HEADER = "Standing Desk App/Standing Desk App-Prefix.pch";
				INFOPLIST_FILE = "Standing Desk AppTests/Standing Desk AppTests-Info.plist";
				PRODUCT_BUNDLE_IDENTIFIER = "Puppy-Bongos.${PRODUCT_NAME:rfc1034identifier}";
				PRODUCT_NAME = "$(TARGET_NAME)";
				TEST_HOST = "$(BUNDLE_LOADER)";
				WRAPPER_EXTENSION = xctest;
			};
			name = Release;
		};
/* End XCBuildConfiguration section */

/* Begin XCConfigurationList section */
		27F1D9B0186174B10087FC3A /* Build configuration list for PBXProject "Standing Desk App" */ = {
			isa = XCConfigurationList;
			buildConfigurations = (
				27F1D9E4186174B10087FC3A /* Debug */,
				27F1D9E5186174B10087FC3A /* Release */,
			);
			defaultConfigurationIsVisible = 0;
			defaultConfigurationName = Release;
		};
		27F1D9E6186174B10087FC3A /* Build configuration list for PBXNativeTarget "Standing Desk App" */ = {
			isa = XCConfigurationList;
			buildConfigurations = (
				27F1D9E7186174B10087FC3A /* Debug */,
				27F1D9E8186174B10087FC3A /* Release */,
			);
			defaultConfigurationIsVisible = 0;
			defaultConfigurationName = Release;
		};
		27F1D9E9186174B10087FC3A /* Build configuration list for PBXNativeTarget "Standing Desk AppTests" */ = {
			isa = XCConfigurationList;
			buildConfigurations = (
				27F1D9EA186174B10087FC3A /* Debug */,
				27F1D9EB186174B10087FC3A /* Release */,
			);
			defaultConfigurationIsVisible = 0;
			defaultConfigurationName = Release;
		};
/* End XCConfigurationList section */
	};
	rootObject = 27F1D9AD186174B10087FC3A /* Project object */;
}
