// !$*UTF8*$!
{
	archiveVersion = 1;
	classes = {
	};
	objectVersion = 46;
	objects = {

/* Begin PBXBuildFile section */
		080021CB1882320F008E11D1 /* icon_sitting.png in Resources */ = {isa = PBXBuildFile; fileRef = 080021C91882320F008E11D1 /* icon_sitting.png */; };
		080021CC1882320F008E11D1 /* icon_standing.png in Resources */ = {isa = PBXBuildFile; fileRef = 080021CA1882320F008E11D1 /* icon_standing.png */; };
		27652E6D187548C600BD3DC5 /* SystemSounds.m in Sources */ = {isa = PBXBuildFile; fileRef = 27652E6C187548C600BD3DC5 /* SystemSounds.m */; };
		27F1D9B9186174B10087FC3A /* Cocoa.framework in Frameworks */ = {isa = PBXBuildFile; fileRef = 27F1D9B8186174B10087FC3A /* Cocoa.framework */; };
		27F1D9C3186174B10087FC3A /* InfoPlist.strings in Resources */ = {isa = PBXBuildFile; fileRef = 27F1D9C1186174B10087FC3A /* InfoPlist.strings */; };
		27F1D9C5186174B10087FC3A /* main.m in Sources */ = {isa = PBXBuildFile; fileRef = 27F1D9C4186174B10087FC3A /* main.m */; };
		27F1D9C9186174B10087FC3A /* Credits.rtf in Resources */ = {isa = PBXBuildFile; fileRef = 27F1D9C7186174B10087FC3A /* Credits.rtf */; };
		27F1D9CC186174B10087FC3A /* SDAAppDelegate.m in Sources */ = {isa = PBXBuildFile; fileRef = 27F1D9CB186174B10087FC3A /* SDAAppDelegate.m */; };
		27F1D9CF186174B10087FC3A /* MainMenu.xib in Resources */ = {isa = PBXBuildFile; fileRef = 27F1D9CD186174B10087FC3A /* MainMenu.xib */; };
		27F1D9D1186174B10087FC3A /* Images.xcassets in Resources */ = {isa = PBXBuildFile; fileRef = 27F1D9D0186174B10087FC3A /* Images.xcassets */; };
		27F1D9D8186174B10087FC3A /* XCTest.framework in Frameworks */ = {isa = PBXBuildFile; fileRef = 27F1D9D7186174B10087FC3A /* XCTest.framework */; };
		27F1D9D9186174B10087FC3A /* Cocoa.framework in Frameworks */ = {isa = PBXBuildFile; fileRef = 27F1D9B8186174B10087FC3A /* Cocoa.framework */; };
		27F1D9E1186174B10087FC3A /* InfoPlist.strings in Resources */ = {isa = PBXBuildFile; fileRef = 27F1D9DF186174B10087FC3A /* InfoPlist.strings */; };
		27F1D9E3186174B10087FC3A /* Standing_Desk_AppTests.m in Sources */ = {isa = PBXBuildFile; fileRef = 27F1D9E2186174B10087FC3A /* Standing_Desk_AppTests.m */; };
		553F9589186F9FF300BD36BB /* SDAAppController.m in Sources */ = {isa = PBXBuildFile; fileRef = 553F9588186F9FF300BD36BB /* SDAAppController.m */; };
		553F958C186FA0B800BD36BB /* SDAAppSettings.m in Sources */ = {isa = PBXBuildFile; fileRef = 553F958B186FA0B800BD36BB /* SDAAppSettings.m */; };
		553F958F186FA19D00BD36BB /* SDAAlertSetting.m in Sources */ = {isa = PBXBuildFile; fileRef = 553F958E186FA19D00BD36BB /* SDAAlertSetting.m */; };
		553F9591186FD3B700BD36BB /* sda_config.plist in Resources */ = {isa = PBXBuildFile; fileRef = 553F9590186FD3B700BD36BB /* sda_config.plist */; };
		55A149D5187DF18800EFA8A3 /* IOKit.framework in Frameworks */ = {isa = PBXBuildFile; fileRef = 55A149D4187DF18800EFA8A3 /* IOKit.framework */; };
		55A149D8187DF1AC00EFA8A3 /* SDAIdleDetector.m in Sources */ = {isa = PBXBuildFile; fileRef = 55A149D7187DF1AC00EFA8A3 /* SDAIdleDetector.m */; };
		55B5A957187A067500C7CDCD /* SDAAppDelegate+Notifications.m in Sources */ = {isa = PBXBuildFile; fileRef = 55B5A956187A067500C7CDCD /* SDAAppDelegate+Notifications.m */; };
/* End PBXBuildFile section */

/* Begin PBXContainerItemProxy section */
		27F1D9DA186174B10087FC3A /* PBXContainerItemProxy */ = {
			isa = PBXContainerItemProxy;
			containerPortal = 27F1D9AD186174B10087FC3A /* Project object */;
			proxyType = 1;
			remoteGlobalIDString = 27F1D9B4186174B10087FC3A;
			remoteInfo = "Standing Desk App";
		};
/* End PBXContainerItemProxy section */

/* Begin PBXFileReference section */
		080021C91882320F008E11D1 /* icon_sitting.png */ = {isa = PBXFileReference; lastKnownFileType = image.png; path = icon_sitting.png; sourceTree = "<group>"; };
		080021CA1882320F008E11D1 /* icon_standing.png */ = {isa = PBXFileReference; lastKnownFileType = image.png; path = icon_standing.png; sourceTree = "<group>"; };
		27652E6B187548C600BD3DC5 /* SystemSounds.h */ = {isa = PBXFileReference; fileEncoding = 4; lastKnownFileType = sourcecode.c.h; path = SystemSounds.h; sourceTree = "<group>"; };
		27652E6C187548C600BD3DC5 /* SystemSounds.m */ = {isa = PBXFileReference; fileEncoding = 4; lastKnownFileType = sourcecode.c.objc; path = SystemSounds.m; sourceTree = "<group>"; };
		27F1D9B5186174B10087FC3A /* Standing Desk App.app */ = {isa = PBXFileReference; explicitFileType = wrapper.application; includeInIndex = 0; path = "Standing Desk App.app"; sourceTree = BUILT_PRODUCTS_DIR; };
		27F1D9B8186174B10087FC3A /* Cocoa.framework */ = {isa = PBXFileReference; lastKnownFileType = wrapper.framework; name = Cocoa.framework; path = System/Library/Frameworks/Cocoa.framework; sourceTree = SDKROOT; };
		27F1D9BB186174B10087FC3A /* AppKit.framework */ = {isa = PBXFileReference; lastKnownFileType = wrapper.framework; name = AppKit.framework; path = System/Library/Frameworks/AppKit.framework; sourceTree = SDKROOT; };
		27F1D9BC186174B10087FC3A /* CoreData.framework */ = {isa = PBXFileReference; lastKnownFileType = wrapper.framework; name = CoreData.framework; path = System/Library/Frameworks/CoreData.framework; sourceTree = SDKROOT; };
		27F1D9BD186174B10087FC3A /* Foundation.framework */ = {isa = PBXFileReference; lastKnownFileType = wrapper.framework; name = Foundation.framework; path = System/Library/Frameworks/Foundation.framework; sourceTree = SDKROOT; };
		27F1D9C0186174B10087FC3A /* Standing Desk App-Info.plist */ = {isa = PBXFileReference; lastKnownFileType = text.plist.xml; path = "Standing Desk App-Info.plist"; sourceTree = "<group>"; };
		27F1D9C2186174B10087FC3A /* en */ = {isa = PBXFileReference; lastKnownFileType = text.plist.strings; name = en; path = en.lproj/InfoPlist.strings; sourceTree = "<group>"; };
		27F1D9C4186174B10087FC3A /* main.m */ = {isa = PBXFileReference; lastKnownFileType = sourcecode.c.objc; path = main.m; sourceTree = "<group>"; };
		27F1D9C6186174B10087FC3A /* Standing Desk App-Prefix.pch */ = {isa = PBXFileReference; lastKnownFileType = sourcecode.c.h; path = "Standing Desk App-Prefix.pch"; sourceTree = "<group>"; };
		27F1D9C8186174B10087FC3A /* en */ = {isa = PBXFileReference; lastKnownFileType = text.rtf; name = en; path = en.lproj/Credits.rtf; sourceTree = "<group>"; };
		27F1D9CA186174B10087FC3A /* SDAAppDelegate.h */ = {isa = PBXFileReference; lastKnownFileType = sourcecode.c.h; path = SDAAppDelegate.h; sourceTree = "<group>"; };
		27F1D9CB186174B10087FC3A /* SDAAppDelegate.m */ = {isa = PBXFileReference; lastKnownFileType = sourcecode.c.objc; path = SDAAppDelegate.m; sourceTree = "<group>"; };
		27F1D9CE186174B10087FC3A /* Base */ = {isa = PBXFileReference; lastKnownFileType = file.xib; name = Base; path = Base.lproj/MainMenu.xib; sourceTree = "<group>"; };
		27F1D9D0186174B10087FC3A /* Images.xcassets */ = {isa = PBXFileReference; lastKnownFileType = folder.assetcatalog; path = Images.xcassets; sourceTree = "<group>"; };
		27F1D9D6186174B10087FC3A /* Standing Desk AppTests.xctest */ = {isa = PBXFileReference; explicitFileType = wrapper.cfbundle; includeInIndex = 0; path = "Standing Desk AppTests.xctest"; sourceTree = BUILT_PRODUCTS_DIR; };
		27F1D9D7186174B10087FC3A /* XCTest.framework */ = {isa = PBXFileReference; lastKnownFileType = wrapper.framework; name = XCTest.framework; path = Library/Frameworks/XCTest.framework; sourceTree = DEVELOPER_DIR; };
		27F1D9DE186174B10087FC3A /* Standing Desk AppTests-Info.plist */ = {isa = PBXFileReference; lastKnownFileType = text.plist.xml; path = "Standing Desk AppTests-Info.plist"; sourceTree = "<group>"; };
		27F1D9E0186174B10087FC3A /* en */ = {isa = PBXFileReference; lastKnownFileType = text.plist.strings; name = en; path = en.lproj/InfoPlist.strings; sourceTree = "<group>"; };
		27F1D9E2186174B10087FC3A /* Standing_Desk_AppTests.m */ = {isa = PBXFileReference; lastKnownFileType = sourcecode.c.objc; path = Standing_Desk_AppTests.m; sourceTree = "<group>"; };
		553F9587186F9FF300BD36BB /* SDAAppController.h */ = {isa = PBXFileReference; fileEncoding = 4; lastKnownFileType = sourcecode.c.h; path = SDAAppController.h; sourceTree = "<group>"; };
		553F9588186F9FF300BD36BB /* SDAAppController.m */ = {isa = PBXFileReference; fileEncoding = 4; lastKnownFileType = sourcecode.c.objc; path = SDAAppController.m; sourceTree = "<group>"; };
		553F958A186FA0B800BD36BB /* SDAAppSettings.h */ = {isa = PBXFileReference; fileEncoding = 4; lastKnownFileType = sourcecode.c.h; path = SDAAppSettings.h; sourceTree = "<group>"; };
		553F958B186FA0B800BD36BB /* SDAAppSettings.m */ = {isa = PBXFileReference; fileEncoding = 4; lastKnownFileType = sourcecode.c.objc; path = SDAAppSettings.m; sourceTree = "<group>"; };
		553F958D186FA19D00BD36BB /* SDAAlertSetting.h */ = {isa = PBXFileReference; fileEncoding = 4; lastKnownFileType = sourcecode.c.h; path = SDAAlertSetting.h; sourceTree = "<group>"; };
		553F958E186FA19D00BD36BB /* SDAAlertSetting.m */ = {isa = PBXFileReference; fileEncoding = 4; lastKnownFileType = sourcecode.c.objc; path = SDAAlertSetting.m; sourceTree = "<group>"; };
		553F9590186FD3B700BD36BB /* sda_config.plist */ = {isa = PBXFileReference; fileEncoding = 4; lastKnownFileType = text.plist.xml; path = sda_config.plist; sourceTree = "<group>"; };
		55A149D4187DF18800EFA8A3 /* IOKit.framework */ = {isa = PBXFileReference; lastKnownFileType = wrapper.framework; name = IOKit.framework; path = System/Library/Frameworks/IOKit.framework; sourceTree = SDKROOT; };
		55A149D6187DF1AC00EFA8A3 /* SDAIdleDetector.h */ = {isa = PBXFileReference; fileEncoding = 4; lastKnownFileType = sourcecode.c.h; path = SDAIdleDetector.h; sourceTree = "<group>"; };
		55A149D7187DF1AC00EFA8A3 /* SDAIdleDetector.m */ = {isa = PBXFileReference; fileEncoding = 4; lastKnownFileType = sourcecode.c.objc; path = SDAIdleDetector.m; sourceTree = "<group>"; };
		55B5A955187A067500C7CDCD /* SDAAppDelegate+Notifications.h */ = {isa = PBXFileReference; fileEncoding = 4; lastKnownFileType = sourcecode.c.h; path = "SDAAppDelegate+Notifications.h"; sourceTree = "<group>"; };
		55B5A956187A067500C7CDCD /* SDAAppDelegate+Notifications.m */ = {isa = PBXFileReference; fileEncoding = 4; lastKnownFileType = sourcecode.c.objc; path = "SDAAppDelegate+Notifications.m"; sourceTree = "<group>"; };
/* End PBXFileReference section */

/* Begin PBXFrameworksBuildPhase section */
		27F1D9B2186174B10087FC3A /* Frameworks */ = {
			isa = PBXFrameworksBuildPhase;
			buildActionMask = 2147483647;
			files = (
				55A149D5187DF18800EFA8A3 /* IOKit.framework in Frameworks */,
				27F1D9B9186174B10087FC3A /* Cocoa.framework in Frameworks */,
			);
			runOnlyForDeploymentPostprocessing = 0;
		};
		27F1D9D3186174B10087FC3A /* Frameworks */ = {
			isa = PBXFrameworksBuildPhase;
			buildActionMask = 2147483647;
			files = (
				27F1D9D9186174B10087FC3A /* Cocoa.framework in Frameworks */,
				27F1D9D8186174B10087FC3A /* XCTest.framework in Frameworks */,
			);
			runOnlyForDeploymentPostprocessing = 0;
		};
/* End PBXFrameworksBuildPhase section */

/* Begin PBXGroup section */
		27F1D9AC186174B10087FC3A = {
			isa = PBXGroup;
			children = (
				080021C91882320F008E11D1 /* icon_sitting.png */,
				080021CA1882320F008E11D1 /* icon_standing.png */,
				27F1D9BE186174B10087FC3A /* Standing Desk App */,
				27F1D9DC186174B10087FC3A /* Standing Desk AppTests */,
				27F1D9B7186174B10087FC3A /* Frameworks */,
				27F1D9B6186174B10087FC3A /* Products */,
			);
			sourceTree = "<group>";
		};
		27F1D9B6186174B10087FC3A /* Products */ = {
			isa = PBXGroup;
			children = (
				27F1D9B5186174B10087FC3A /* Standing Desk App.app */,
				27F1D9D6186174B10087FC3A /* Standing Desk AppTests.xctest */,
			);
			name = Products;
			sourceTree = "<group>";
		};
		27F1D9B7186174B10087FC3A /* Frameworks */ = {
			isa = PBXGroup;
			children = (
				55A149D4187DF18800EFA8A3 /* IOKit.framework */,
				27F1D9B8186174B10087FC3A /* Cocoa.framework */,
				27F1D9D7186174B10087FC3A /* XCTest.framework */,
				27F1D9BA186174B10087FC3A /* Other Frameworks */,
			);
			name = Frameworks;
			sourceTree = "<group>";
		};
		27F1D9BA186174B10087FC3A /* Other Frameworks */ = {
			isa = PBXGroup;
			children = (
				27F1D9BB186174B10087FC3A /* AppKit.framework */,
				27F1D9BC186174B10087FC3A /* CoreData.framework */,
				27F1D9BD186174B10087FC3A /* Foundation.framework */,
			);
			name = "Other Frameworks";
			sourceTree = "<group>";
		};
		27F1D9BE186174B10087FC3A /* Standing Desk App */ = {
			isa = PBXGroup;
			children = (
				55B5A958187A091100C7CDCD /* SDAAppCategories */,
				27F1D9CA186174B10087FC3A /* SDAAppDelegate.h */,
				27F1D9CB186174B10087FC3A /* SDAAppDelegate.m */,
				27652E6B187548C600BD3DC5 /* SystemSounds.h */,
				27652E6C187548C600BD3DC5 /* SystemSounds.m */,
				27F1D9CD186174B10087FC3A /* MainMenu.xib */,
				27F1D9D0186174B10087FC3A /* Images.xcassets */,
				27F1D9BF186174B10087FC3A /* Supporting Files */,
				553F9587186F9FF300BD36BB /* SDAAppController.h */,
				553F9588186F9FF300BD36BB /* SDAAppController.m */,
				553F958A186FA0B800BD36BB /* SDAAppSettings.h */,
				553F958B186FA0B800BD36BB /* SDAAppSettings.m */,
				553F958D186FA19D00BD36BB /* SDAAlertSetting.h */,
				553F958E186FA19D00BD36BB /* SDAAlertSetting.m */,
				553F9590186FD3B700BD36BB /* sda_config.plist */,
				55A149D6187DF1AC00EFA8A3 /* SDAIdleDetector.h */,
				55A149D7187DF1AC00EFA8A3 /* SDAIdleDetector.m */,
			);
			path = "Standing Desk App";
			sourceTree = "<group>";
		};
		27F1D9BF186174B10087FC3A /* Supporting Files */ = {
			isa = PBXGroup;
			children = (
				27F1D9C0186174B10087FC3A /* Standing Desk App-Info.plist */,
				27F1D9C1186174B10087FC3A /* InfoPlist.strings */,
				27F1D9C4186174B10087FC3A /* main.m */,
				27F1D9C6186174B10087FC3A /* Standing Desk App-Prefix.pch */,
				27F1D9C7186174B10087FC3A /* Credits.rtf */,
			);
			name = "Supporting Files";
			sourceTree = "<group>";
		};
		27F1D9DC186174B10087FC3A /* Standing Desk AppTests */ = {
			isa = PBXGroup;
			children = (
				27F1D9E2186174B10087FC3A /* Standing_Desk_AppTests.m */,
				27F1D9DD186174B10087FC3A /* Supporting Files */,
			);
			path = "Standing Desk AppTests";
			sourceTree = "<group>";
		};
		27F1D9DD186174B10087FC3A /* Supporting Files */ = {
			isa = PBXGroup;
			children = (
				27F1D9DE186174B10087FC3A /* Standing Desk AppTests-Info.plist */,
				27F1D9DF186174B10087FC3A /* InfoPlist.strings */,
			);
			name = "Supporting Files";
			sourceTree = "<group>";
		};
		55B5A958187A091100C7CDCD /* SDAAppCategories */ = {
			isa = PBXGroup;
			children = (
				55B5A955187A067500C7CDCD /* SDAAppDelegate+Notifications.h */,
				55B5A956187A067500C7CDCD /* SDAAppDelegate+Notifications.m */,
			);
			name = SDAAppCategories;
			sourceTree = "<group>";
		};
/* End PBXGroup section */

/* Begin PBXNativeTarget section */
		27F1D9B4186174B10087FC3A /* Standing Desk App */ = {
			isa = PBXNativeTarget;
			buildConfigurationList = 27F1D9E6186174B10087FC3A /* Build configuration list for PBXNativeTarget "Standing Desk App" */;
			buildPhases = (
				27F1D9B1186174B10087FC3A /* Sources */,
				27F1D9B2186174B10087FC3A /* Frameworks */,
				27F1D9B3186174B10087FC3A /* Resources */,
			);
			buildRules = (
			);
			dependencies = (
			);
			name = "Standing Desk App";
			productName = "Standing Desk App";
			productReference = 27F1D9B5186174B10087FC3A /* Standing Desk App.app */;
			productType = "com.apple.product-type.application";
		};
		27F1D9D5186174B10087FC3A /* Standing Desk AppTests */ = {
			isa = PBXNativeTarget;
			buildConfigurationList = 27F1D9E9186174B10087FC3A /* Build configuration list for PBXNativeTarget "Standing Desk AppTests" */;
			buildPhases = (
				27F1D9D2186174B10087FC3A /* Sources */,
				27F1D9D3186174B10087FC3A /* Frameworks */,
				27F1D9D4186174B10087FC3A /* Resources */,
			);
			buildRules = (
			);
			dependencies = (
				27F1D9DB186174B10087FC3A /* PBXTargetDependency */,
			);
			name = "Standing Desk AppTests";
			productName = "Standing Desk AppTests";
			productReference = 27F1D9D6186174B10087FC3A /* Standing Desk AppTests.xctest */;
			productType = "com.apple.product-type.bundle.unit-test";
		};
/* End PBXNativeTarget section */

/* Begin PBXProject section */
		27F1D9AD186174B10087FC3A /* Project object */ = {
			isa = PBXProject;
			attributes = {
				CLASSPREFIX = SDA;
				LastUpgradeCheck = 0500;
				ORGANIZATIONNAME = "Puppy Bongos";
				TargetAttributes = {
					27F1D9D5186174B10087FC3A = {
						TestTargetID = 27F1D9B4186174B10087FC3A;
					};
				};
			};
			buildConfigurationList = 27F1D9B0186174B10087FC3A /* Build configuration list for PBXProject "Standing Desk App" */;
			compatibilityVersion = "Xcode 3.2";
			developmentRegion = English;
			hasScannedForEncodings = 0;
			knownRegions = (
				en,
				Base,
			);
			mainGroup = 27F1D9AC186174B10087FC3A;
			productRefGroup = 27F1D9B6186174B10087FC3A /* Products */;
			projectDirPath = "";
			projectRoot = "";
			targets = (
				27F1D9B4186174B10087FC3A /* Standing Desk App */,
				27F1D9D5186174B10087FC3A /* Standing Desk AppTests */,
			);
		};
/* End PBXProject section */

/* Begin PBXResourcesBuildPhase section */
		27F1D9B3186174B10087FC3A /* Resources */ = {
			isa = PBXResourcesBuildPhase;
			buildActionMask = 2147483647;
			files = (
				27F1D9C3186174B10087FC3A /* InfoPlist.strings in Resources */,
				27F1D9D1186174B10087FC3A /* Images.xcassets in Resources */,
				27F1D9C9186174B10087FC3A /* Credits.rtf in Resources */,
				080021CB1882320F008E11D1 /* icon_sitting.png in Resources */,
				27F1D9CF186174B10087FC3A /* MainMenu.xib in Resources */,
				553F9591186FD3B700BD36BB /* sda_config.plist in Resources */,
				080021CC1882320F008E11D1 /* icon_standing.png in Resources */,
			);
			runOnlyForDeploymentPostprocessing = 0;
		};
		27F1D9D4186174B10087FC3A /* Resources */ = {
			isa = PBXResourcesBuildPhase;
			buildActionMask = 2147483647;
			files = (
				27F1D9E1186174B10087FC3A /* InfoPlist.strings in Resources */,
			);
			runOnlyForDeploymentPostprocessing = 0;
		};
/* End PBXResourcesBuildPhase section */

/* Begin PBXSourcesBuildPhase section */
		27F1D9B1186174B10087FC3A /* Sources */ = {
			isa = PBXSourcesBuildPhase;
			buildActionMask = 2147483647;
			files = (
				27652E6D187548C600BD3DC5 /* SystemSounds.m in Sources */,
				553F958F186FA19D00BD36BB /* SDAAlertSetting.m in Sources */,
				55B5A957187A067500C7CDCD /* SDAAppDelegate+Notifications.m in Sources */,
				27F1D9C5186174B10087FC3A /* main.m in Sources */,
				55A149D8187DF1AC00EFA8A3 /* SDAIdleDetector.m in Sources */,
				553F958C186FA0B800BD36BB /* SDAAppSettings.m in Sources */,
				553F9589186F9FF300BD36BB /* SDAAppController.m in Sources */,
				27F1D9CC186174B10087FC3A /* SDAAppDelegate.m in Sources */,
			);
			runOnlyForDeploymentPostprocessing = 0;
		};
		27F1D9D2186174B10087FC3A /* Sources */ = {
			isa = PBXSourcesBuildPhase;
			buildActionMask = 2147483647;
			files = (
				27F1D9E3186174B10087FC3A /* Standing_Desk_AppTests.m in Sources */,
			);
			runOnlyForDeploymentPostprocessing = 0;
		};
/* End PBXSourcesBuildPhase section */

/* Begin PBXTargetDependency section */
		27F1D9DB186174B10087FC3A /* PBXTargetDependency */ = {
			isa = PBXTargetDependency;
			target = 27F1D9B4186174B10087FC3A /* Standing Desk App */;
			targetProxy = 27F1D9DA186174B10087FC3A /* PBXContainerItemProxy */;
		};
/* End PBXTargetDependency section */

/* Begin PBXVariantGroup section */
		27F1D9C1186174B10087FC3A /* InfoPlist.strings */ = {
			isa = PBXVariantGroup;
			children = (
				27F1D9C2186174B10087FC3A /* en */,
			);
			name = InfoPlist.strings;
			sourceTree = "<group>";
		};
		27F1D9C7186174B10087FC3A /* Credits.rtf */ = {
			isa = PBXVariantGroup;
			children = (
				27F1D9C8186174B10087FC3A /* en */,
			);
			name = Credits.rtf;
			sourceTree = "<group>";
		};
		27F1D9CD186174B10087FC3A /* MainMenu.xib */ = {
			isa = PBXVariantGroup;
			children = (
				27F1D9CE186174B10087FC3A /* Base */,
			);
			name = MainMenu.xib;
			sourceTree = "<group>";
		};
		27F1D9DF186174B10087FC3A /* InfoPlist.strings */ = {
			isa = PBXVariantGroup;
			children = (
				27F1D9E0186174B10087FC3A /* en */,
			);
			name = InfoPlist.strings;
			sourceTree = "<group>";
		};
/* End PBXVariantGroup section */

/* Begin XCBuildConfiguration section */
		27F1D9E4186174B10087FC3A /* Debug */ = {
			isa = XCBuildConfiguration;
			buildSettings = {
				ALWAYS_SEARCH_USER_PATHS = NO;
				CLANG_CXX_LANGUAGE_STANDARD = "gnu++0x";
				CLANG_CXX_LIBRARY = "libc++";
				CLANG_ENABLE_OBJC_ARC = YES;
				CLANG_WARN_BOOL_CONVERSION = YES;
				CLANG_WARN_CONSTANT_CONVERSION = YES;
				CLANG_WARN_DIRECT_OBJC_ISA_USAGE = YES_ERROR;
				CLANG_WARN_EMPTY_BODY = YES;
				CLANG_WARN_ENUM_CONVERSION = YES;
				CLANG_WARN_INT_CONVERSION = YES;
				CLANG_WARN_OBJC_ROOT_CLASS = YES_ERROR;
				CLANG_WARN__DUPLICATE_METHOD_MATCH = YES;
				COPY_PHASE_STRIP = NO;
				GCC_C_LANGUAGE_STANDARD = gnu99;
				GCC_DYNAMIC_NO_PIC = NO;
				GCC_ENABLE_OBJC_EXCEPTIONS = YES;
				GCC_OPTIMIZATION_LEVEL = 0;
				GCC_PREPROCESSOR_DEFINITIONS = (
					"DEBUG=1",
					"$(inherited)",
				);
				GCC_SYMBOLS_PRIVATE_EXTERN = NO;
				GCC_WARN_64_TO_32_BIT_CONVERSION = YES;
				GCC_WARN_ABOUT_RETURN_TYPE = YES_ERROR;
				GCC_WARN_UNDECLARED_SELECTOR = YES;
				GCC_WARN_UNINITIALIZED_AUTOS = YES;
				GCC_WARN_UNUSED_FUNCTION = YES;
				GCC_WARN_UNUSED_VARIABLE = YES;
				MACOSX_DEPLOYMENT_TARGET = 10.9;
				ONLY_ACTIVE_ARCH = YES;
				SDKROOT = macosx;
			};
			name = Debug;
		};
		27F1D9E5186174B10087FC3A /* Release */ = {
			isa = XCBuildConfiguration;
			buildSettings = {
				ALWAYS_SEARCH_USER_PATHS = NO;
				CLANG_CXX_LANGUAGE_STANDARD = "gnu++0x";
				CLANG_CXX_LIBRARY = "libc++";
				CLANG_ENABLE_OBJC_ARC = YES;
				CLANG_WARN_BOOL_CONVERSION = YES;
				CLANG_WARN_CONSTANT_CONVERSION = YES;
				CLANG_WARN_DIRECT_OBJC_ISA_USAGE = YES_ERROR;
				CLANG_WARN_EMPTY_BODY = YES;
				CLANG_WARN_ENUM_CONVERSION = YES;
				CLANG_WARN_INT_CONVERSION = YES;
				CLANG_WARN_OBJC_ROOT_CLASS = YES_ERROR;
				CLANG_WARN__DUPLICATE_METHOD_MATCH = YES;
				COPY_PHASE_STRIP = YES;
				DEBUG_INFORMATION_FORMAT = "dwarf-with-dsym";
				ENABLE_NS_ASSERTIONS = NO;
				GCC_C_LANGUAGE_STANDARD = gnu99;
				GCC_ENABLE_OBJC_EXCEPTIONS = YES;
				GCC_WARN_64_TO_32_BIT_CONVERSION = YES;
				GCC_WARN_ABOUT_RETURN_TYPE = YES_ERROR;
				GCC_WARN_UNDECLARED_SELECTOR = YES;
				GCC_WARN_UNINITIALIZED_AUTOS = YES;
				GCC_WARN_UNUSED_FUNCTION = YES;
				GCC_WARN_UNUSED_VARIABLE = YES;
				MACOSX_DEPLOYMENT_TARGET = 10.9;
				SDKROOT = macosx;
			};
			name = Release;
		};
		27F1D9E7186174B10087FC3A /* Debug */ = {
			isa = XCBuildConfiguration;
			buildSettings = {
				ASSETCATALOG_COMPILER_APPICON_NAME = AppIcon;
				COMBINE_HIDPI_IMAGES = YES;
				GCC_PRECOMPILE_PREFIX_HEADER = YES;
				GCC_PREFIX_HEADER = "Standing Desk App/Standing Desk App-Prefix.pch";
				INFOPLIST_FILE = "Standing Desk App/Standing Desk App-Info.plist";
				MACOSX_DEPLOYMENT_TARGET = 10.7;
				PRODUCT_NAME = "$(TARGET_NAME)";
				WRAPPER_EXTENSION = app;
			};
			name = Debug;
		};
		27F1D9E8186174B10087FC3A /* Release */ = {
			isa = XCBuildConfiguration;
			buildSettings = {
				ASSETCATALOG_COMPILER_APPICON_NAME = AppIcon;
				COMBINE_HIDPI_IMAGES = YES;
				GCC_PRECOMPILE_PREFIX_HEADER = YES;
				GCC_PREFIX_HEADER = "Standing Desk App/Standing Desk App-Prefix.pch";
				INFOPLIST_FILE = "Standing Desk App/Standing Desk App-Info.plist";
				MACOSX_DEPLOYMENT_TARGET = 10.7;
				PRODUCT_NAME = "$(TARGET_NAME)";
				WRAPPER_EXTENSION = app;
			};
			name = Release;
		};
		27F1D9EA186174B10087FC3A /* Debug */ = {
			isa = XCBuildConfiguration;
			buildSettings = {
				BUNDLE_LOADER = "$(BUILT_PRODUCTS_DIR)/Standing Desk App.app/Contents/MacOS/Standing Desk App";
				COMBINE_HIDPI_IMAGES = YES;
				FRAMEWORK_SEARCH_PATHS = (
					"$(DEVELOPER_FRAMEWORKS_DIR)",
					"$(inherited)",
				);
				GCC_PRECOMPILE_PREFIX_HEADER = YES;
				GCC_PREFIX_HEADER = "Standing Desk App/Standing Desk App-Prefix.pch";
				GCC_PREPROCESSOR_DEFINITIONS = (
					"DEBUG=1",
					"$(inherited)",
				);
				INFOPLIST_FILE = "Standing Desk AppTests/Standing Desk AppTests-Info.plist";
				PRODUCT_NAME = "$(TARGET_NAME)";
				TEST_HOST = "$(BUNDLE_LOADER)";
				WRAPPER_EXTENSION = xctest;
			};
			name = Debug;
		};
		27F1D9EB186174B10087FC3A /* Release */ = {
			isa = XCBuildConfiguration;
			buildSettings = {
				BUNDLE_LOADER = "$(BUILT_PRODUCTS_DIR)/Standing Desk App.app/Contents/MacOS/Standing Desk App";
				COMBINE_HIDPI_IMAGES = YES;
				FRAMEWORK_SEARCH_PATHS = (
					"$(DEVELOPER_FRAMEWORKS_DIR)",
					"$(inherited)",
				);
				GCC_PRECOMPILE_PREFIX_HEADER = YES;
				GCC_PREFIX_HEADER = "Standing Desk App/Standing Desk App-Prefix.pch";
				INFOPLIST_FILE = "Standing Desk AppTests/Standing Desk AppTests-Info.plist";
				PRODUCT_NAME = "$(TARGET_NAME)";
				TEST_HOST = "$(BUNDLE_LOADER)";
				WRAPPER_EXTENSION = xctest;
			};
			name = Release;
		};
/* End XCBuildConfiguration section */

/* Begin XCConfigurationList section */
		27F1D9B0186174B10087FC3A /* Build configuration list for PBXProject "Standing Desk App" */ = {
			isa = XCConfigurationList;
			buildConfigurations = (
				27F1D9E4186174B10087FC3A /* Debug */,
				27F1D9E5186174B10087FC3A /* Release */,
			);
			defaultConfigurationIsVisible = 0;
			defaultConfigurationName = Release;
		};
		27F1D9E6186174B10087FC3A /* Build configuration list for PBXNativeTarget "Standing Desk App" */ = {
			isa = XCConfigurationList;
			buildConfigurations = (
				27F1D9E7186174B10087FC3A /* Debug */,
				27F1D9E8186174B10087FC3A /* Release */,
			);
			defaultConfigurationIsVisible = 0;
			defaultConfigurationName = Release;
		};
		27F1D9E9186174B10087FC3A /* Build configuration list for PBXNativeTarget "Standing Desk AppTests" */ = {
			isa = XCConfigurationList;
			buildConfigurations = (
				27F1D9EA186174B10087FC3A /* Debug */,
				27F1D9EB186174B10087FC3A /* Release */,
			);
			defaultConfigurationIsVisible = 0;
			defaultConfigurationName = Release;
		};
/* End XCConfigurationList section */
	};
	rootObject = 27F1D9AD186174B10087FC3A /* Project object */;
}
