// !$*UTF8*$!
{
	archiveVersion = 1;
	classes = {
	};
	objectVersion = 46;
	objects = {

/* Begin PBXBuildFile section */
		551D97F718793CBA0018E450 /* Cocoa.framework in Frameworks */ = {isa = PBXBuildFile; fileRef = 551D97F618793CBA0018E450 /* Cocoa.framework */; };
		551D980118793CBA0018E450 /* InfoPlist.strings in Resources */ = {isa = PBXBuildFile; fileRef = 551D97FF18793CBA0018E450 /* InfoPlist.strings */; };
		551D980318793CBA0018E450 /* main.m in Sources */ = {isa = PBXBuildFile; fileRef = 551D980218793CBA0018E450 /* main.m */; };
		551D980718793CBA0018E450 /* Credits.rtf in Resources */ = {isa = PBXBuildFile; fileRef = 551D980518793CBA0018E450 /* Credits.rtf */; };
		551D980A18793CBA0018E450 /* AppDelegate.m in Sources */ = {isa = PBXBuildFile; fileRef = 551D980918793CBA0018E450 /* AppDelegate.m */; };
		551D980D18793CBA0018E450 /* MainMenu.xib in Resources */ = {isa = PBXBuildFile; fileRef = 551D980B18793CBA0018E450 /* MainMenu.xib */; };
		551D980F18793CBB0018E450 /* Images.xcassets in Resources */ = {isa = PBXBuildFile; fileRef = 551D980E18793CBB0018E450 /* Images.xcassets */; };
		551D981618793CBB0018E450 /* XCTest.framework in Frameworks */ = {isa = PBXBuildFile; fileRef = 551D981518793CBB0018E450 /* XCTest.framework */; };
		551D981718793CBB0018E450 /* Cocoa.framework in Frameworks */ = {isa = PBXBuildFile; fileRef = 551D97F618793CBA0018E450 /* Cocoa.framework */; };
		551D981F18793CBB0018E450 /* InfoPlist.strings in Resources */ = {isa = PBXBuildFile; fileRef = 551D981D18793CBB0018E450 /* InfoPlist.strings */; };
		551D982118793CBB0018E450 /* StandingDeskAppHelperTests.m in Sources */ = {isa = PBXBuildFile; fileRef = 551D982018793CBB0018E450 /* StandingDeskAppHelperTests.m */; };
/* End PBXBuildFile section */

/* Begin PBXContainerItemProxy section */
		551D981818793CBB0018E450 /* PBXContainerItemProxy */ = {
			isa = PBXContainerItemProxy;
			containerPortal = 551D97EB18793CBA0018E450 /* Project object */;
			proxyType = 1;
			remoteGlobalIDString = 551D97F218793CBA0018E450;
			remoteInfo = StandingDeskAppHelper;
		};
/* End PBXContainerItemProxy section */

/* Begin PBXFileReference section */
		551D97F318793CBA0018E450 /* StandingDeskAppHelper.app */ = {isa = PBXFileReference; explicitFileType = wrapper.application; includeInIndex = 0; path = StandingDeskAppHelper.app; sourceTree = BUILT_PRODUCTS_DIR; };
		551D97F618793CBA0018E450 /* Cocoa.framework */ = {isa = PBXFileReference; lastKnownFileType = wrapper.framework; name = Cocoa.framework; path = System/Library/Frameworks/Cocoa.framework; sourceTree = SDKROOT; };
		551D97F918793CBA0018E450 /* AppKit.framework */ = {isa = PBXFileReference; lastKnownFileType = wrapper.framework; name = AppKit.framework; path = System/Library/Frameworks/AppKit.framework; sourceTree = SDKROOT; };
		551D97FA18793CBA0018E450 /* CoreData.framework */ = {isa = PBXFileReference; lastKnownFileType = wrapper.framework; name = CoreData.framework; path = System/Library/Frameworks/CoreData.framework; sourceTree = SDKROOT; };
		551D97FB18793CBA0018E450 /* Foundation.framework */ = {isa = PBXFileReference; lastKnownFileType = wrapper.framework; name = Foundation.framework; path = System/Library/Frameworks/Foundation.framework; sourceTree = SDKROOT; };
		551D97FE18793CBA0018E450 /* StandingDeskAppHelper-Info.plist */ = {isa = PBXFileReference; lastKnownFileType = text.plist.xml; path = "StandingDeskAppHelper-Info.plist"; sourceTree = "<group>"; };
		551D980018793CBA0018E450 /* en */ = {isa = PBXFileReference; lastKnownFileType = text.plist.strings; name = en; path = en.lproj/InfoPlist.strings; sourceTree = "<group>"; };
		551D980218793CBA0018E450 /* main.m */ = {isa = PBXFileReference; lastKnownFileType = sourcecode.c.objc; path = main.m; sourceTree = "<group>"; };
		551D980418793CBA0018E450 /* StandingDeskAppHelper-Prefix.pch */ = {isa = PBXFileReference; lastKnownFileType = sourcecode.c.h; path = "StandingDeskAppHelper-Prefix.pch"; sourceTree = "<group>"; };
		551D980618793CBA0018E450 /* en */ = {isa = PBXFileReference; lastKnownFileType = text.rtf; name = en; path = en.lproj/Credits.rtf; sourceTree = "<group>"; };
		551D980818793CBA0018E450 /* AppDelegate.h */ = {isa = PBXFileReference; lastKnownFileType = sourcecode.c.h; path = AppDelegate.h; sourceTree = "<group>"; };
		551D980918793CBA0018E450 /* AppDelegate.m */ = {isa = PBXFileReference; lastKnownFileType = sourcecode.c.objc; path = AppDelegate.m; sourceTree = "<group>"; };
		551D980C18793CBA0018E450 /* Base */ = {isa = PBXFileReference; lastKnownFileType = file.xib; name = Base; path = Base.lproj/MainMenu.xib; sourceTree = "<group>"; };
		551D980E18793CBB0018E450 /* Images.xcassets */ = {isa = PBXFileReference; lastKnownFileType = folder.assetcatalog; path = Images.xcassets; sourceTree = "<group>"; };
		551D981418793CBB0018E450 /* StandingDeskAppHelperTests.xctest */ = {isa = PBXFileReference; explicitFileType = wrapper.cfbundle; includeInIndex = 0; path = StandingDeskAppHelperTests.xctest; sourceTree = BUILT_PRODUCTS_DIR; };
		551D981518793CBB0018E450 /* XCTest.framework */ = {isa = PBXFileReference; lastKnownFileType = wrapper.framework; name = XCTest.framework; path = Library/Frameworks/XCTest.framework; sourceTree = DEVELOPER_DIR; };
		551D981C18793CBB0018E450 /* StandingDeskAppHelperTests-Info.plist */ = {isa = PBXFileReference; lastKnownFileType = text.plist.xml; path = "StandingDeskAppHelperTests-Info.plist"; sourceTree = "<group>"; };
		551D981E18793CBB0018E450 /* en */ = {isa = PBXFileReference; lastKnownFileType = text.plist.strings; name = en; path = en.lproj/InfoPlist.strings; sourceTree = "<group>"; };
		551D982018793CBB0018E450 /* StandingDeskAppHelperTests.m */ = {isa = PBXFileReference; lastKnownFileType = sourcecode.c.objc; path = StandingDeskAppHelperTests.m; sourceTree = "<group>"; };
/* End PBXFileReference section */

/* Begin PBXFrameworksBuildPhase section */
		551D97F018793CBA0018E450 /* Frameworks */ = {
			isa = PBXFrameworksBuildPhase;
			buildActionMask = 2147483647;
			files = (
				551D97F718793CBA0018E450 /* Cocoa.framework in Frameworks */,
			);
			runOnlyForDeploymentPostprocessing = 0;
		};
		551D981118793CBB0018E450 /* Frameworks */ = {
			isa = PBXFrameworksBuildPhase;
			buildActionMask = 2147483647;
			files = (
				551D981718793CBB0018E450 /* Cocoa.framework in Frameworks */,
				551D981618793CBB0018E450 /* XCTest.framework in Frameworks */,
			);
			runOnlyForDeploymentPostprocessing = 0;
		};
/* End PBXFrameworksBuildPhase section */

/* Begin PBXGroup section */
		551D97EA18793CBA0018E450 = {
			isa = PBXGroup;
			children = (
				551D97FC18793CBA0018E450 /* StandingDeskAppHelper */,
				551D981A18793CBB0018E450 /* StandingDeskAppHelperTests */,
				551D97F518793CBA0018E450 /* Frameworks */,
				551D97F418793CBA0018E450 /* Products */,
			);
			sourceTree = "<group>";
		};
		551D97F418793CBA0018E450 /* Products */ = {
			isa = PBXGroup;
			children = (
				551D97F318793CBA0018E450 /* StandingDeskAppHelper.app */,
				551D981418793CBB0018E450 /* StandingDeskAppHelperTests.xctest */,
			);
			name = Products;
			sourceTree = "<group>";
		};
		551D97F518793CBA0018E450 /* Frameworks */ = {
			isa = PBXGroup;
			children = (
				551D97F618793CBA0018E450 /* Cocoa.framework */,
				551D981518793CBB0018E450 /* XCTest.framework */,
				551D97F818793CBA0018E450 /* Other Frameworks */,
			);
			name = Frameworks;
			sourceTree = "<group>";
		};
		551D97F818793CBA0018E450 /* Other Frameworks */ = {
			isa = PBXGroup;
			children = (
				551D97F918793CBA0018E450 /* AppKit.framework */,
				551D97FA18793CBA0018E450 /* CoreData.framework */,
				551D97FB18793CBA0018E450 /* Foundation.framework */,
			);
			name = "Other Frameworks";
			sourceTree = "<group>";
		};
		551D97FC18793CBA0018E450 /* StandingDeskAppHelper */ = {
			isa = PBXGroup;
			children = (
				551D980818793CBA0018E450 /* AppDelegate.h */,
				551D980918793CBA0018E450 /* AppDelegate.m */,
				551D980B18793CBA0018E450 /* MainMenu.xib */,
				551D980E18793CBB0018E450 /* Images.xcassets */,
				551D97FD18793CBA0018E450 /* Supporting Files */,
			);
			path = StandingDeskAppHelper;
			sourceTree = "<group>";
		};
		551D97FD18793CBA0018E450 /* Supporting Files */ = {
			isa = PBXGroup;
			children = (
				551D97FE18793CBA0018E450 /* StandingDeskAppHelper-Info.plist */,
				551D97FF18793CBA0018E450 /* InfoPlist.strings */,
				551D980218793CBA0018E450 /* main.m */,
				551D980418793CBA0018E450 /* StandingDeskAppHelper-Prefix.pch */,
				551D980518793CBA0018E450 /* Credits.rtf */,
			);
			name = "Supporting Files";
			sourceTree = "<group>";
		};
		551D981A18793CBB0018E450 /* StandingDeskAppHelperTests */ = {
			isa = PBXGroup;
			children = (
				551D982018793CBB0018E450 /* StandingDeskAppHelperTests.m */,
				551D981B18793CBB0018E450 /* Supporting Files */,
			);
			path = StandingDeskAppHelperTests;
			sourceTree = "<group>";
		};
		551D981B18793CBB0018E450 /* Supporting Files */ = {
			isa = PBXGroup;
			children = (
				551D981C18793CBB0018E450 /* StandingDeskAppHelperTests-Info.plist */,
				551D981D18793CBB0018E450 /* InfoPlist.strings */,
			);
			name = "Supporting Files";
			sourceTree = "<group>";
		};
/* End PBXGroup section */

/* Begin PBXNativeTarget section */
		551D97F218793CBA0018E450 /* StandingDeskAppHelper */ = {
			isa = PBXNativeTarget;
			buildConfigurationList = 551D982418793CBB0018E450 /* Build configuration list for PBXNativeTarget "StandingDeskAppHelper" */;
			buildPhases = (
				551D97EF18793CBA0018E450 /* Sources */,
				551D97F018793CBA0018E450 /* Frameworks */,
				551D97F118793CBA0018E450 /* Resources */,
			);
			buildRules = (
			);
			dependencies = (
			);
			name = StandingDeskAppHelper;
			productName = StandingDeskAppHelper;
			productReference = 551D97F318793CBA0018E450 /* StandingDeskAppHelper.app */;
			productType = "com.apple.product-type.application";
		};
		551D981318793CBB0018E450 /* StandingDeskAppHelperTests */ = {
			isa = PBXNativeTarget;
			buildConfigurationList = 551D982718793CBB0018E450 /* Build configuration list for PBXNativeTarget "StandingDeskAppHelperTests" */;
			buildPhases = (
				551D981018793CBB0018E450 /* Sources */,
				551D981118793CBB0018E450 /* Frameworks */,
				551D981218793CBB0018E450 /* Resources */,
			);
			buildRules = (
			);
			dependencies = (
				551D981918793CBB0018E450 /* PBXTargetDependency */,
			);
			name = StandingDeskAppHelperTests;
			productName = StandingDeskAppHelperTests;
			productReference = 551D981418793CBB0018E450 /* StandingDeskAppHelperTests.xctest */;
			productType = "com.apple.product-type.bundle.unit-test";
		};
/* End PBXNativeTarget section */

/* Begin PBXProject section */
		551D97EB18793CBA0018E450 /* Project object */ = {
			isa = PBXProject;
			attributes = {
				LastUpgradeCheck = 0500;
				ORGANIZATIONNAME = "Puppy Bongos";
				TargetAttributes = {
					551D981318793CBB0018E450 = {
						TestTargetID = 551D97F218793CBA0018E450;
					};
				};
			};
			buildConfigurationList = 551D97EE18793CBA0018E450 /* Build configuration list for PBXProject "StandingDeskAppHelper" */;
			compatibilityVersion = "Xcode 3.2";
			developmentRegion = English;
			hasScannedForEncodings = 0;
			knownRegions = (
				en,
				Base,
			);
			mainGroup = 551D97EA18793CBA0018E450;
			productRefGroup = 551D97F418793CBA0018E450 /* Products */;
			projectDirPath = "";
			projectRoot = "";
			targets = (
				551D97F218793CBA0018E450 /* StandingDeskAppHelper */,
				551D981318793CBB0018E450 /* StandingDeskAppHelperTests */,
			);
		};
/* End PBXProject section */

/* Begin PBXResourcesBuildPhase section */
		551D97F118793CBA0018E450 /* Resources */ = {
			isa = PBXResourcesBuildPhase;
			buildActionMask = 2147483647;
			files = (
				551D980118793CBA0018E450 /* InfoPlist.strings in Resources */,
				551D980F18793CBB0018E450 /* Images.xcassets in Resources */,
				551D980718793CBA0018E450 /* Credits.rtf in Resources */,
				551D980D18793CBA0018E450 /* MainMenu.xib in Resources */,
			);
			runOnlyForDeploymentPostprocessing = 0;
		};
		551D981218793CBB0018E450 /* Resources */ = {
			isa = PBXResourcesBuildPhase;
			buildActionMask = 2147483647;
			files = (
				551D981F18793CBB0018E450 /* InfoPlist.strings in Resources */,
			);
			runOnlyForDeploymentPostprocessing = 0;
		};
/* End PBXResourcesBuildPhase section */

/* Begin PBXSourcesBuildPhase section */
		551D97EF18793CBA0018E450 /* Sources */ = {
			isa = PBXSourcesBuildPhase;
			buildActionMask = 2147483647;
			files = (
				551D980A18793CBA0018E450 /* AppDelegate.m in Sources */,
				551D980318793CBA0018E450 /* main.m in Sources */,
			);
			runOnlyForDeploymentPostprocessing = 0;
		};
		551D981018793CBB0018E450 /* Sources */ = {
			isa = PBXSourcesBuildPhase;
			buildActionMask = 2147483647;
			files = (
				551D982118793CBB0018E450 /* StandingDeskAppHelperTests.m in Sources */,
			);
			runOnlyForDeploymentPostprocessing = 0;
		};
/* End PBXSourcesBuildPhase section */

/* Begin PBXTargetDependency section */
		551D981918793CBB0018E450 /* PBXTargetDependency */ = {
			isa = PBXTargetDependency;
			target = 551D97F218793CBA0018E450 /* StandingDeskAppHelper */;
			targetProxy = 551D981818793CBB0018E450 /* PBXContainerItemProxy */;
		};
/* End PBXTargetDependency section */

/* Begin PBXVariantGroup section */
		551D97FF18793CBA0018E450 /* InfoPlist.strings */ = {
			isa = PBXVariantGroup;
			children = (
				551D980018793CBA0018E450 /* en */,
			);
			name = InfoPlist.strings;
			sourceTree = "<group>";
		};
		551D980518793CBA0018E450 /* Credits.rtf */ = {
			isa = PBXVariantGroup;
			children = (
				551D980618793CBA0018E450 /* en */,
			);
			name = Credits.rtf;
			sourceTree = "<group>";
		};
		551D980B18793CBA0018E450 /* MainMenu.xib */ = {
			isa = PBXVariantGroup;
			children = (
				551D980C18793CBA0018E450 /* Base */,
			);
			name = MainMenu.xib;
			sourceTree = "<group>";
		};
		551D981D18793CBB0018E450 /* InfoPlist.strings */ = {
			isa = PBXVariantGroup;
			children = (
				551D981E18793CBB0018E450 /* en */,
			);
			name = InfoPlist.strings;
			sourceTree = "<group>";
		};
/* End PBXVariantGroup section */

/* Begin XCBuildConfiguration section */
		551D982218793CBB0018E450 /* Debug */ = {
			isa = XCBuildConfiguration;
			buildSettings = {
				ALWAYS_SEARCH_USER_PATHS = NO;
				CLANG_CXX_LANGUAGE_STANDARD = "gnu++0x";
				CLANG_CXX_LIBRARY = "libc++";
				CLANG_ENABLE_OBJC_ARC = YES;
				CLANG_WARN_BOOL_CONVERSION = YES;
				CLANG_WARN_CONSTANT_CONVERSION = YES;
				CLANG_WARN_DIRECT_OBJC_ISA_USAGE = YES_ERROR;
				CLANG_WARN_EMPTY_BODY = YES;
				CLANG_WARN_ENUM_CONVERSION = YES;
				CLANG_WARN_INT_CONVERSION = YES;
				CLANG_WARN_OBJC_ROOT_CLASS = YES_ERROR;
				CLANG_WARN__DUPLICATE_METHOD_MATCH = YES;
				COPY_PHASE_STRIP = NO;
				GCC_C_LANGUAGE_STANDARD = gnu99;
				GCC_DYNAMIC_NO_PIC = NO;
				GCC_ENABLE_OBJC_EXCEPTIONS = YES;
				GCC_OPTIMIZATION_LEVEL = 0;
				GCC_PREPROCESSOR_DEFINITIONS = (
					"DEBUG=1",
					"$(inherited)",
				);
				GCC_SYMBOLS_PRIVATE_EXTERN = NO;
				GCC_WARN_64_TO_32_BIT_CONVERSION = YES;
				GCC_WARN_ABOUT_RETURN_TYPE = YES_ERROR;
				GCC_WARN_UNDECLARED_SELECTOR = YES;
				GCC_WARN_UNINITIALIZED_AUTOS = YES;
				GCC_WARN_UNUSED_FUNCTION = YES;
				GCC_WARN_UNUSED_VARIABLE = YES;
				MACOSX_DEPLOYMENT_TARGET = 10.9;
				ONLY_ACTIVE_ARCH = YES;
				SDKROOT = macosx;
			};
			name = Debug;
		};
		551D982318793CBB0018E450 /* Release */ = {
			isa = XCBuildConfiguration;
			buildSettings = {
				ALWAYS_SEARCH_USER_PATHS = NO;
				CLANG_CXX_LANGUAGE_STANDARD = "gnu++0x";
				CLANG_CXX_LIBRARY = "libc++";
				CLANG_ENABLE_OBJC_ARC = YES;
				CLANG_WARN_BOOL_CONVERSION = YES;
				CLANG_WARN_CONSTANT_CONVERSION = YES;
				CLANG_WARN_DIRECT_OBJC_ISA_USAGE = YES_ERROR;
				CLANG_WARN_EMPTY_BODY = YES;
				CLANG_WARN_ENUM_CONVERSION = YES;
				CLANG_WARN_INT_CONVERSION = YES;
				CLANG_WARN_OBJC_ROOT_CLASS = YES_ERROR;
				CLANG_WARN__DUPLICATE_METHOD_MATCH = YES;
				COPY_PHASE_STRIP = YES;
				DEBUG_INFORMATION_FORMAT = "dwarf-with-dsym";
				ENABLE_NS_ASSERTIONS = NO;
				GCC_C_LANGUAGE_STANDARD = gnu99;
				GCC_ENABLE_OBJC_EXCEPTIONS = YES;
				GCC_WARN_64_TO_32_BIT_CONVERSION = YES;
				GCC_WARN_ABOUT_RETURN_TYPE = YES_ERROR;
				GCC_WARN_UNDECLARED_SELECTOR = YES;
				GCC_WARN_UNINITIALIZED_AUTOS = YES;
				GCC_WARN_UNUSED_FUNCTION = YES;
				GCC_WARN_UNUSED_VARIABLE = YES;
				MACOSX_DEPLOYMENT_TARGET = 10.9;
				SDKROOT = macosx;
			};
			name = Release;
		};
		551D982518793CBB0018E450 /* Debug */ = {
			isa = XCBuildConfiguration;
			buildSettings = {
				ASSETCATALOG_COMPILER_APPICON_NAME = AppIcon;
				COMBINE_HIDPI_IMAGES = YES;
				GCC_PRECOMPILE_PREFIX_HEADER = YES;
				GCC_PREFIX_HEADER = "StandingDeskAppHelper/StandingDeskAppHelper-Prefix.pch";
				INFOPLIST_FILE = "StandingDeskAppHelper/StandingDeskAppHelper-Info.plist";
				PRODUCT_NAME = "$(TARGET_NAME)";
				WRAPPER_EXTENSION = app;
			};
			name = Debug;
		};
		551D982618793CBB0018E450 /* Release */ = {
			isa = XCBuildConfiguration;
			buildSettings = {
				ASSETCATALOG_COMPILER_APPICON_NAME = AppIcon;
				COMBINE_HIDPI_IMAGES = YES;
				GCC_PRECOMPILE_PREFIX_HEADER = YES;
				GCC_PREFIX_HEADER = "StandingDeskAppHelper/StandingDeskAppHelper-Prefix.pch";
				INFOPLIST_FILE = "StandingDeskAppHelper/StandingDeskAppHelper-Info.plist";
				PRODUCT_NAME = "$(TARGET_NAME)";
				WRAPPER_EXTENSION = app;
			};
			name = Release;
		};
		551D982818793CBB0018E450 /* Debug */ = {
			isa = XCBuildConfiguration;
			buildSettings = {
				BUNDLE_LOADER = "$(BUILT_PRODUCTS_DIR)/StandingDeskAppHelper.app/Contents/MacOS/StandingDeskAppHelper";
				COMBINE_HIDPI_IMAGES = YES;
				FRAMEWORK_SEARCH_PATHS = (
					"$(DEVELOPER_FRAMEWORKS_DIR)",
					"$(inherited)",
				);
				GCC_PRECOMPILE_PREFIX_HEADER = YES;
				GCC_PREFIX_HEADER = "StandingDeskAppHelper/StandingDeskAppHelper-Prefix.pch";
				GCC_PREPROCESSOR_DEFINITIONS = (
					"DEBUG=1",
					"$(inherited)",
				);
				INFOPLIST_FILE = "StandingDeskAppHelperTests/StandingDeskAppHelperTests-Info.plist";
				PRODUCT_NAME = "$(TARGET_NAME)";
				TEST_HOST = "$(BUNDLE_LOADER)";
				WRAPPER_EXTENSION = xctest;
			};
			name = Debug;
		};
		551D982918793CBB0018E450 /* Release */ = {
			isa = XCBuildConfiguration;
			buildSettings = {
				BUNDLE_LOADER = "$(BUILT_PRODUCTS_DIR)/StandingDeskAppHelper.app/Contents/MacOS/StandingDeskAppHelper";
				COMBINE_HIDPI_IMAGES = YES;
				FRAMEWORK_SEARCH_PATHS = (
					"$(DEVELOPER_FRAMEWORKS_DIR)",
					"$(inherited)",
				);
				GCC_PRECOMPILE_PREFIX_HEADER = YES;
				GCC_PREFIX_HEADER = "StandingDeskAppHelper/StandingDeskAppHelper-Prefix.pch";
				INFOPLIST_FILE = "StandingDeskAppHelperTests/StandingDeskAppHelperTests-Info.plist";
				PRODUCT_NAME = "$(TARGET_NAME)";
				TEST_HOST = "$(BUNDLE_LOADER)";
				WRAPPER_EXTENSION = xctest;
			};
			name = Release;
		};
/* End XCBuildConfiguration section */

/* Begin XCConfigurationList section */
		551D97EE18793CBA0018E450 /* Build configuration list for PBXProject "StandingDeskAppHelper" */ = {
			isa = XCConfigurationList;
			buildConfigurations = (
				551D982218793CBB0018E450 /* Debug */,
				551D982318793CBB0018E450 /* Release */,
			);
			defaultConfigurationIsVisible = 0;
			defaultConfigurationName = Release;
		};
		551D982418793CBB0018E450 /* Build configuration list for PBXNativeTarget "StandingDeskAppHelper" */ = {
			isa = XCConfigurationList;
			buildConfigurations = (
				551D982518793CBB0018E450 /* Debug */,
				551D982618793CBB0018E450 /* Release */,
			);
			defaultConfigurationIsVisible = 0;
		};
		551D982718793CBB0018E450 /* Build configuration list for PBXNativeTarget "StandingDeskAppHelperTests" */ = {
			isa = XCConfigurationList;
			buildConfigurations = (
				551D982818793CBB0018E450 /* Debug */,
				551D982918793CBB0018E450 /* Release */,
			);
			defaultConfigurationIsVisible = 0;
		};
/* End XCConfigurationList section */
	};
	rootObject = 551D97EB18793CBA0018E450 /* Project object */;
}
